// !$*UTF8*$!
{
	archiveVersion = 1;
	classes = {
	};
	objectVersion = 46;
	objects = {

/* Begin PBXBuildFile section */
		9C31DADA1D7749B400472C89 /* splash.png in Resources */ = {isa = PBXBuildFile; fileRef = 9C31DAD91D7749B400472C89 /* splash.png */; };
		9C689FE6235008B000EBF82E /* iosPluginData.m in Sources */ = {isa = PBXBuildFile; fileRef = 9C689F4B235008AF00EBF82E /* iosPluginData.m */; };
		9C689FE7235008B000EBF82E /* IosPluginUtil.swift in Sources */ = {isa = PBXBuildFile; fileRef = 9C689F4C235008AF00EBF82E /* IosPluginUtil.swift */; };
		9C689FE8235008B000EBF82E /* IosPluginTexture.swift in Sources */ = {isa = PBXBuildFile; fileRef = 9C689F4D235008AF00EBF82E /* IosPluginTexture.swift */; };
		9C689FE9235008B000EBF82E /* IosPluginPreference.swift in Sources */ = {isa = PBXBuildFile; fileRef = 9C689F4F235008AF00EBF82E /* IosPluginPreference.swift */; };
		9C689FEA235008B000EBF82E /* iosPluginSound.m in Sources */ = {isa = PBXBuildFile; fileRef = 9C689F50235008AF00EBF82E /* iosPluginSound.m */; };
		9C689FEB235008B000EBF82E /* iosPluginTexture.m in Sources */ = {isa = PBXBuildFile; fileRef = 9C689F51235008AF00EBF82E /* iosPluginTexture.m */; };
		9C689FEC235008B000EBF82E /* FuhahaGLViewController.swift in Sources */ = {isa = PBXBuildFile; fileRef = 9C689F52235008AF00EBF82E /* FuhahaGLViewController.swift */; };
		9C689FED235008B000EBF82E /* FuhahaEvent.swift in Sources */ = {isa = PBXBuildFile; fileRef = 9C689F54235008AF00EBF82E /* FuhahaEvent.swift */; };
		9C689FEE235008B000EBF82E /* IosPluginData.swift in Sources */ = {isa = PBXBuildFile; fileRef = 9C689F55235008AF00EBF82E /* IosPluginData.swift */; };
		9C689FEF235008B000EBF82E /* IosPluginSound.swift in Sources */ = {isa = PBXBuildFile; fileRef = 9C689F56235008AF00EBF82E /* IosPluginSound.swift */; };
		9C689FF0235008B000EBF82E /* iosPluginPreference.m in Sources */ = {isa = PBXBuildFile; fileRef = 9C689F57235008AF00EBF82E /* iosPluginPreference.m */; };
		9C689FF1235008B000EBF82E /* nativeMain.m in Sources */ = {isa = PBXBuildFile; fileRef = 9C689F58235008AF00EBF82E /* nativeMain.m */; };
		9C689FF2235008B000EBF82E /* iosPluginUtil.m in Sources */ = {isa = PBXBuildFile; fileRef = 9C689F59235008AF00EBF82E /* iosPluginUtil.m */; };
		9C689FF3235008B000EBF82E /* gameEvent.c in Sources */ = {isa = PBXBuildFile; fileRef = 9C689F60235008B000EBF82E /* gameEvent.c */; };
		9C689FF4235008B000EBF82E /* pluginUtilCallback.c in Sources */ = {isa = PBXBuildFile; fileRef = 9C689F62235008B000EBF82E /* pluginUtilCallback.c */; };
		9C689FF5235008B000EBF82E /* pluginTextureMemory.c in Sources */ = {isa = PBXBuildFile; fileRef = 9C689F63235008B000EBF82E /* pluginTextureMemory.c */; };
		9C689FF6235008B000EBF82E /* pluginDataCallback.c in Sources */ = {isa = PBXBuildFile; fileRef = 9C689F66235008B000EBF82E /* pluginDataCallback.c */; };
		9C689FF7235008B000EBF82E /* pluginTextureCallback.c in Sources */ = {isa = PBXBuildFile; fileRef = 9C689F68235008B000EBF82E /* pluginTextureCallback.c */; };
		9C689FF8235008B000EBF82E /* pluginUtilMemory.c in Sources */ = {isa = PBXBuildFile; fileRef = 9C689F69235008B000EBF82E /* pluginUtilMemory.c */; };
		9C689FF9235008B000EBF82E /* pluginTextureFontCodeList.c in Sources */ = {isa = PBXBuildFile; fileRef = 9C689F6B235008B000EBF82E /* pluginTextureFontCodeList.c */; };
		9C689FFA235008B000EBF82E /* engineCtrlTouch.c in Sources */ = {isa = PBXBuildFile; fileRef = 9C689F72235008B000EBF82E /* engineCtrlTouch.c */; };
		9C689FFB235008B000EBF82E /* engineLayoutPartsFrame.c in Sources */ = {isa = PBXBuildFile; fileRef = 9C689F77235008B000EBF82E /* engineLayoutPartsFrame.c */; };
		9C689FFC235008B000EBF82E /* engineLayoutPartsButtonOuter.c in Sources */ = {isa = PBXBuildFile; fileRef = 9C689F78235008B000EBF82E /* engineLayoutPartsButtonOuter.c */; };
		9C689FFD235008B000EBF82E /* engineLayoutPartsArrowKey.c in Sources */ = {isa = PBXBuildFile; fileRef = 9C689F79235008B000EBF82E /* engineLayoutPartsArrowKey.c */; };
		9C689FFE235008B000EBF82E /* engineLayoutPartsImageText.c in Sources */ = {isa = PBXBuildFile; fileRef = 9C689F7A235008B000EBF82E /* engineLayoutPartsImageText.c */; };
		9C689FFF235008B000EBF82E /* engineLayoutViewGearFamily.c in Sources */ = {isa = PBXBuildFile; fileRef = 9C689F7B235008B000EBF82E /* engineLayoutViewGearFamily.c */; };
		9C68A000235008B000EBF82E /* engineLayoutPartsTemplate.c in Sources */ = {isa = PBXBuildFile; fileRef = 9C689F80235008B000EBF82E /* engineLayoutPartsTemplate.c */; };
		9C68A001235008B000EBF82E /* engineLayoutPartsSwipePager.c in Sources */ = {isa = PBXBuildFile; fileRef = 9C689F81235008B000EBF82E /* engineLayoutPartsSwipePager.c */; };
		9C68A002235008B000EBF82E /* engineLayoutPartsFilterColor.c in Sources */ = {isa = PBXBuildFile; fileRef = 9C689F82235008B000EBF82E /* engineLayoutPartsFilterColor.c */; };
		9C68A003235008B000EBF82E /* engineLayoutPartsButtonBox.c in Sources */ = {isa = PBXBuildFile; fileRef = 9C689F83235008B000EBF82E /* engineLayoutPartsButtonBox.c */; };
		9C68A004235008B000EBF82E /* engineLayoutPartsFontText.c in Sources */ = {isa = PBXBuildFile; fileRef = 9C689F84235008B000EBF82E /* engineLayoutPartsFontText.c */; };
		9C68A005235008B000EBF82E /* engineLayoutPartsButtonPicker.c in Sources */ = {isa = PBXBuildFile; fileRef = 9C689F86235008B000EBF82E /* engineLayoutPartsButtonPicker.c */; };
		9C68A006235008B000EBF82E /* engineLayoutPartsImageNumber.c in Sources */ = {isa = PBXBuildFile; fileRef = 9C689F87235008B000EBF82E /* engineLayoutPartsImageNumber.c */; };
		9C68A007235008B000EBF82E /* engineLayoutViewGearPosition.c in Sources */ = {isa = PBXBuildFile; fileRef = 9C689F88235008B000EBF82E /* engineLayoutViewGearPosition.c */; };
		9C68A008235008B000EBF82E /* engineLayoutPartsSwipeScroller.c in Sources */ = {isa = PBXBuildFile; fileRef = 9C689F91235008B000EBF82E /* engineLayoutPartsSwipeScroller.c */; };
		9C68A009235008B000EBF82E /* engineLayoutViewGearInteract.c in Sources */ = {isa = PBXBuildFile; fileRef = 9C689F92235008B000EBF82E /* engineLayoutViewGearInteract.c */; };
		9C68A00A235008B000EBF82E /* engineLayoutViewGearGraphicObject.c in Sources */ = {isa = PBXBuildFile; fileRef = 9C689F95235008B000EBF82E /* engineLayoutViewGearGraphicObject.c */; };
		9C68A00B235008B000EBF82E /* engineLayoutUtilSwipe.c in Sources */ = {isa = PBXBuildFile; fileRef = 9C689F96235008B000EBF82E /* engineLayoutUtilSwipe.c */; };
		9C68A00C235008B000EBF82E /* engineLayoutPartsRect.c in Sources */ = {isa = PBXBuildFile; fileRef = 9C689F97235008B000EBF82E /* engineLayoutPartsRect.c */; };
		9C68A00D235008B000EBF82E /* engineLayoutPartsMaskRect.c in Sources */ = {isa = PBXBuildFile; fileRef = 9C689F98235008B000EBF82E /* engineLayoutPartsMaskRect.c */; };
		9C68A00E235008B000EBF82E /* engineLayoutPartsFontNumber.c in Sources */ = {isa = PBXBuildFile; fileRef = 9C689F9A235008B000EBF82E /* engineLayoutPartsFontNumber.c */; };
		9C68A00F235008B000EBF82E /* engineLayoutPartsRoot.c in Sources */ = {isa = PBXBuildFile; fileRef = 9C689F9D235008B000EBF82E /* engineLayoutPartsRoot.c */; };
		9C68A010235008B000EBF82E /* engineLayoutView.c in Sources */ = {isa = PBXBuildFile; fileRef = 9C689F9E235008B000EBF82E /* engineLayoutView.c */; };
		9C68A011235008B000EBF82E /* enginePrimitiveWater.c in Sources */ = {isa = PBXBuildFile; fileRef = 9C689FA3235008B000EBF82E /* enginePrimitiveWater.c */; };
		9C68A012235008B000EBF82E /* enginePrimitiveSphere.c in Sources */ = {isa = PBXBuildFile; fileRef = 9C689FA5235008B000EBF82E /* enginePrimitiveSphere.c */; };
		9C68A013235008B000EBF82E /* enginePrimitiveTorus.c in Sources */ = {isa = PBXBuildFile; fileRef = 9C689FA9235008B000EBF82E /* enginePrimitiveTorus.c */; };
		9C68A014235008B000EBF82E /* engineMathMatrix.c in Sources */ = {isa = PBXBuildFile; fileRef = 9C689FAC235008B000EBF82E /* engineMathMatrix.c */; };
		9C68A015235008B000EBF82E /* engineMathRandom.c in Sources */ = {isa = PBXBuildFile; fileRef = 9C689FAF235008B000EBF82E /* engineMathRandom.c */; };
		9C68A016235008B000EBF82E /* engineMathFunction.c in Sources */ = {isa = PBXBuildFile; fileRef = 9C689FB1235008B000EBF82E /* engineMathFunction.c */; };
		9C68A017235008B000EBF82E /* engineUtilSystem.c in Sources */ = {isa = PBXBuildFile; fileRef = 9C689FB4235008B000EBF82E /* engineUtilSystem.c */; };
		9C68A018235008B000EBF82E /* engineUtilMemory.c in Sources */ = {isa = PBXBuildFile; fileRef = 9C689FB5235008B000EBF82E /* engineUtilMemory.c */; };
		9C68A019235008B000EBF82E /* engineUtilFrame.c in Sources */ = {isa = PBXBuildFile; fileRef = 9C689FB7235008B000EBF82E /* engineUtilFrame.c */; };
		9C68A01A235008B000EBF82E /* engineGraphicObject.c in Sources */ = {isa = PBXBuildFile; fileRef = 9C689FBC235008B000EBF82E /* engineGraphicObject.c */; };
		9C68A01B235008B000EBF82E /* engineGraphicMain.c in Sources */ = {isa = PBXBuildFile; fileRef = 9C689FBF235008B000EBF82E /* engineGraphicMain.c */; };
		9C68A01C235008B000EBF82E /* engineGraphicBuffer.c in Sources */ = {isa = PBXBuildFile; fileRef = 9C689FC0235008B000EBF82E /* engineGraphicBuffer.c */; };
		9C68A01D235008B000EBF82E /* engineGraphicShaderColorBlend.c in Sources */ = {isa = PBXBuildFile; fileRef = 9C689FC2235008B000EBF82E /* engineGraphicShaderColorBlend.c */; };
		9C68A01E235008B000EBF82E /* engineGraphicShaderPhong.c in Sources */ = {isa = PBXBuildFile; fileRef = 9C689FC6235008B000EBF82E /* engineGraphicShaderPhong.c */; };
		9C68A01F235008B000EBF82E /* engineGraphicShaderTextureColorBlendAlphaMask.c in Sources */ = {isa = PBXBuildFile; fileRef = 9C689FC9235008B000EBF82E /* engineGraphicShaderTextureColorBlendAlphaMask.c */; };
		9C68A020235008B000EBF82E /* engineGraphicShaderTextureFilterColor.c in Sources */ = {isa = PBXBuildFile; fileRef = 9C689FCA235008B000EBF82E /* engineGraphicShaderTextureFilterColor.c */; };
		9C68A021235008B000EBF82E /* engineGraphicEngine.c in Sources */ = {isa = PBXBuildFile; fileRef = 9C689FCB235008B000EBF82E /* engineGraphicEngine.c */; };
		9C68A022235008B000EBF82E /* engineGraphicShaderTexture.c in Sources */ = {isa = PBXBuildFile; fileRef = 9C689FCE235008B000EBF82E /* engineGraphicShaderTexture.c */; };
		9C68A023235008B000EBF82E /* engineGraphicShaderTextureAlphaMask.c in Sources */ = {isa = PBXBuildFile; fileRef = 9C689FCF235008B000EBF82E /* engineGraphicShaderTextureAlphaMask.c */; };
		9C68A024235008B000EBF82E /* engineGraphicStencil.c in Sources */ = {isa = PBXBuildFile; fileRef = 9C689FD2235008B000EBF82E /* engineGraphicStencil.c */; };
		9C68A025235008B000EBF82E /* engineGraphicTexture.c in Sources */ = {isa = PBXBuildFile; fileRef = 9C689FD3235008B000EBF82E /* engineGraphicTexture.c */; };
		9C68A026235008B000EBF82E /* engineDataJson.c in Sources */ = {isa = PBXBuildFile; fileRef = 9C689FD9235008B000EBF82E /* engineDataJson.c */; };
		9C68A027235008B000EBF82E /* engineDataRequest.c in Sources */ = {isa = PBXBuildFile; fileRef = 9C689FDA235008B000EBF82E /* engineDataRequest.c */; };
		9C68A028235008B000EBF82E /* engineDataBase64.c in Sources */ = {isa = PBXBuildFile; fileRef = 9C689FDB235008B000EBF82E /* engineDataBase64.c */; };
		9C68A029235008B000EBF82E /* engineCartridgeLayoutPage.c in Sources */ = {isa = PBXBuildFile; fileRef = 9C689FDD235008B000EBF82E /* engineCartridgeLayoutPage.c */; };
		9C68A02A235008B000EBF82E /* engineCartridgePage.c in Sources */ = {isa = PBXBuildFile; fileRef = 9C689FDE235008B000EBF82E /* engineCartridgePage.c */; };
		9C68A02B235008B000EBF82E /* engineCartridgePopup.c in Sources */ = {isa = PBXBuildFile; fileRef = 9C689FDF235008B000EBF82E /* engineCartridgePopup.c */; };
		9C68A02C235008B000EBF82E /* engineCartridgeLayoutPopup.c in Sources */ = {isa = PBXBuildFile; fileRef = 9C689FE0235008B000EBF82E /* engineCartridgeLayoutPopup.c */; };
		9C68A04F235008BB00EBF82E /* pluginEnpty.c in Sources */ = {isa = PBXBuildFile; fileRef = 9C68A033235008BB00EBF82E /* pluginEnpty.c */; };
		9C68A050235008BB00EBF82E /* pluginUtilUrl.c in Sources */ = {isa = PBXBuildFile; fileRef = 9C68A035235008BB00EBF82E /* pluginUtilUrl.c */; };
		9C68A051235008BC00EBF82E /* pageTest2PartsPopupActive.c in Sources */ = {isa = PBXBuildFile; fileRef = 9C68A039235008BB00EBF82E /* pageTest2PartsPopupActive.c */; };
		9C68A052235008BC00EBF82E /* pageTest2PartsPagerPage1.c in Sources */ = {isa = PBXBuildFile; fileRef = 9C68A03A235008BB00EBF82E /* pageTest2PartsPagerPage1.c */; };
		9C68A053235008BC00EBF82E /* pageTest2PartsPagerPage2.c in Sources */ = {isa = PBXBuildFile; fileRef = 9C68A03E235008BB00EBF82E /* pageTest2PartsPagerPage2.c */; };
		9C68A054235008BC00EBF82E /* pageTest2PartsPopupSample.c in Sources */ = {isa = PBXBuildFile; fileRef = 9C68A03F235008BB00EBF82E /* pageTest2PartsPopupSample.c */; };
		9C68A055235008BC00EBF82E /* pageTest1.c in Sources */ = {isa = PBXBuildFile; fileRef = 9C68A040235008BB00EBF82E /* pageTest1.c */; };
		9C68A056235008BC00EBF82E /* pageTest2PartsPopupActiveDisplay.c in Sources */ = {isa = PBXBuildFile; fileRef = 9C68A041235008BB00EBF82E /* pageTest2PartsPopupActiveDisplay.c */; };
		9C68A057235008BC00EBF82E /* pageTest2Status.c in Sources */ = {isa = PBXBuildFile; fileRef = 9C68A043235008BB00EBF82E /* pageTest2Status.c */; };
		9C68A058235008BC00EBF82E /* pageTest2PartsPagerPage3.c in Sources */ = {isa = PBXBuildFile; fileRef = 9C68A044235008BB00EBF82E /* pageTest2PartsPagerPage3.c */; };
		9C68A059235008BC00EBF82E /* pageTest2.c in Sources */ = {isa = PBXBuildFile; fileRef = 9C68A046235008BB00EBF82E /* pageTest2.c */; };
		9C68A05A235008BC00EBF82E /* pageTest2PartsRoot.c in Sources */ = {isa = PBXBuildFile; fileRef = 9C68A047235008BB00EBF82E /* pageTest2PartsRoot.c */; };
		9C68A05B235008BC00EBF82E /* gameMain.c in Sources */ = {isa = PBXBuildFile; fileRef = 9C68A04A235008BB00EBF82E /* gameMain.c */; };
		9C68A05C235008BC00EBF82E /* IosPluginEnpty.swift in Sources */ = {isa = PBXBuildFile; fileRef = 9C68A04D235008BB00EBF82E /* IosPluginEnpty.swift */; };
		9C68A05D235008BC00EBF82E /* iosPluginEnpty.m in Sources */ = {isa = PBXBuildFile; fileRef = 9C68A04E235008BB00EBF82E /* iosPluginEnpty.m */; };
		9C68A06D2350099700EBF82E /* assets in Resources */ = {isa = PBXBuildFile; fileRef = 9C68A06C2350099700EBF82E /* assets */; };
		9C8D023D1C99CCEB00F2CFFB /* AppDelegate.swift in Sources */ = {isa = PBXBuildFile; fileRef = 9C8D023C1C99CCEB00F2CFFB /* AppDelegate.swift */; };
		9C8D023F1C99CCEB00F2CFFB /* ViewController.swift in Sources */ = {isa = PBXBuildFile; fileRef = 9C8D023E1C99CCEB00F2CFFB /* ViewController.swift */; };
		9C8D02421C99CCEB00F2CFFB /* Main.storyboard in Resources */ = {isa = PBXBuildFile; fileRef = 9C8D02401C99CCEB00F2CFFB /* Main.storyboard */; };
		9C8D02441C99CCEB00F2CFFB /* Assets.xcassets in Resources */ = {isa = PBXBuildFile; fileRef = 9C8D02431C99CCEB00F2CFFB /* Assets.xcassets */; };
		9C8D02471C99CCEB00F2CFFB /* LaunchScreen.storyboard in Resources */ = {isa = PBXBuildFile; fileRef = 9C8D02451C99CCEB00F2CFFB /* LaunchScreen.storyboard */; };
/* End PBXBuildFile section */

/* Begin PBXFileReference section */
		9C31DAD91D7749B400472C89 /* splash.png */ = {isa = PBXFileReference; lastKnownFileType = image.png; path = splash.png; sourceTree = "<group>"; };
		9C689F4B235008AF00EBF82E /* iosPluginData.m */ = {isa = PBXFileReference; fileEncoding = 4; lastKnownFileType = sourcecode.c.objc; path = iosPluginData.m; sourceTree = "<group>"; };
		9C689F4C235008AF00EBF82E /* IosPluginUtil.swift */ = {isa = PBXFileReference; fileEncoding = 4; lastKnownFileType = sourcecode.swift; path = IosPluginUtil.swift; sourceTree = "<group>"; };
		9C689F4D235008AF00EBF82E /* IosPluginTexture.swift */ = {isa = PBXFileReference; fileEncoding = 4; lastKnownFileType = sourcecode.swift; path = IosPluginTexture.swift; sourceTree = "<group>"; };
		9C689F4E235008AF00EBF82E /* native.h */ = {isa = PBXFileReference; fileEncoding = 4; lastKnownFileType = sourcecode.c.h; path = native.h; sourceTree = "<group>"; };
		9C689F4F235008AF00EBF82E /* IosPluginPreference.swift */ = {isa = PBXFileReference; fileEncoding = 4; lastKnownFileType = sourcecode.swift; path = IosPluginPreference.swift; sourceTree = "<group>"; };
		9C689F50235008AF00EBF82E /* iosPluginSound.m */ = {isa = PBXFileReference; fileEncoding = 4; lastKnownFileType = sourcecode.c.objc; path = iosPluginSound.m; sourceTree = "<group>"; };
		9C689F51235008AF00EBF82E /* iosPluginTexture.m */ = {isa = PBXFileReference; fileEncoding = 4; lastKnownFileType = sourcecode.c.objc; path = iosPluginTexture.m; sourceTree = "<group>"; };
		9C689F52235008AF00EBF82E /* FuhahaGLViewController.swift */ = {isa = PBXFileReference; fileEncoding = 4; lastKnownFileType = sourcecode.swift; path = FuhahaGLViewController.swift; sourceTree = "<group>"; };
		9C689F53235008AF00EBF82E /* fuhaha_engine_bridgingHeader.h */ = {isa = PBXFileReference; fileEncoding = 4; lastKnownFileType = sourcecode.c.h; path = fuhaha_engine_bridgingHeader.h; sourceTree = "<group>"; };
		9C689F54235008AF00EBF82E /* FuhahaEvent.swift */ = {isa = PBXFileReference; fileEncoding = 4; lastKnownFileType = sourcecode.swift; path = FuhahaEvent.swift; sourceTree = "<group>"; };
		9C689F55235008AF00EBF82E /* IosPluginData.swift */ = {isa = PBXFileReference; fileEncoding = 4; lastKnownFileType = sourcecode.swift; path = IosPluginData.swift; sourceTree = "<group>"; };
		9C689F56235008AF00EBF82E /* IosPluginSound.swift */ = {isa = PBXFileReference; fileEncoding = 4; lastKnownFileType = sourcecode.swift; path = IosPluginSound.swift; sourceTree = "<group>"; };
		9C689F57235008AF00EBF82E /* iosPluginPreference.m */ = {isa = PBXFileReference; fileEncoding = 4; lastKnownFileType = sourcecode.c.objc; path = iosPluginPreference.m; sourceTree = "<group>"; };
		9C689F58235008AF00EBF82E /* nativeMain.m */ = {isa = PBXFileReference; fileEncoding = 4; lastKnownFileType = sourcecode.c.objc; path = nativeMain.m; sourceTree = "<group>"; };
		9C689F59235008AF00EBF82E /* iosPluginUtil.m */ = {isa = PBXFileReference; fileEncoding = 4; lastKnownFileType = sourcecode.c.objc; path = iosPluginUtil.m; sourceTree = "<group>"; };
		9C689F5A235008AF00EBF82E /* platform.h */ = {isa = PBXFileReference; fileEncoding = 4; lastKnownFileType = sourcecode.c.h; path = platform.h; sourceTree = "<group>"; };
		9C689F5D235008B000EBF82E /* define.h */ = {isa = PBXFileReference; fileEncoding = 4; lastKnownFileType = sourcecode.c.h; path = define.h; sourceTree = "<group>"; };
		9C689F5E235008B000EBF82E /* defineGlobal.h */ = {isa = PBXFileReference; fileEncoding = 4; lastKnownFileType = sourcecode.c.h; path = defineGlobal.h; sourceTree = "<group>"; };
		9C689F5F235008B000EBF82E /* library.h */ = {isa = PBXFileReference; fileEncoding = 4; lastKnownFileType = sourcecode.c.h; path = library.h; sourceTree = "<group>"; };
		9C689F60235008B000EBF82E /* gameEvent.c */ = {isa = PBXFileReference; fileEncoding = 4; lastKnownFileType = sourcecode.c.c; path = gameEvent.c; sourceTree = "<group>"; };
		9C689F62235008B000EBF82E /* pluginUtilCallback.c */ = {isa = PBXFileReference; fileEncoding = 4; lastKnownFileType = sourcecode.c.c; path = pluginUtilCallback.c; sourceTree = "<group>"; };
		9C689F63235008B000EBF82E /* pluginTextureMemory.c */ = {isa = PBXFileReference; fileEncoding = 4; lastKnownFileType = sourcecode.c.c; path = pluginTextureMemory.c; sourceTree = "<group>"; };
		9C689F64235008B000EBF82E /* pluginUtil.h */ = {isa = PBXFileReference; fileEncoding = 4; lastKnownFileType = sourcecode.c.h; path = pluginUtil.h; sourceTree = "<group>"; };
		9C689F65235008B000EBF82E /* pluginSound.h */ = {isa = PBXFileReference; fileEncoding = 4; lastKnownFileType = sourcecode.c.h; path = pluginSound.h; sourceTree = "<group>"; };
		9C689F66235008B000EBF82E /* pluginDataCallback.c */ = {isa = PBXFileReference; fileEncoding = 4; lastKnownFileType = sourcecode.c.c; path = pluginDataCallback.c; sourceTree = "<group>"; };
		9C689F67235008B000EBF82E /* pluginTexture.h */ = {isa = PBXFileReference; fileEncoding = 4; lastKnownFileType = sourcecode.c.h; path = pluginTexture.h; sourceTree = "<group>"; };
		9C689F68235008B000EBF82E /* pluginTextureCallback.c */ = {isa = PBXFileReference; fileEncoding = 4; lastKnownFileType = sourcecode.c.c; path = pluginTextureCallback.c; sourceTree = "<group>"; };
		9C689F69235008B000EBF82E /* pluginUtilMemory.c */ = {isa = PBXFileReference; fileEncoding = 4; lastKnownFileType = sourcecode.c.c; path = pluginUtilMemory.c; sourceTree = "<group>"; };
		9C689F6A235008B000EBF82E /* pluginPreference.h */ = {isa = PBXFileReference; fileEncoding = 4; lastKnownFileType = sourcecode.c.h; path = pluginPreference.h; sourceTree = "<group>"; };
		9C689F6B235008B000EBF82E /* pluginTextureFontCodeList.c */ = {isa = PBXFileReference; fileEncoding = 4; lastKnownFileType = sourcecode.c.c; path = pluginTextureFontCodeList.c; sourceTree = "<group>"; };
		9C689F6C235008B000EBF82E /* pluginData.h */ = {isa = PBXFileReference; fileEncoding = 4; lastKnownFileType = sourcecode.c.h; path = pluginData.h; sourceTree = "<group>"; };
		9C689F6D235008B000EBF82E /* game.h */ = {isa = PBXFileReference; fileEncoding = 4; lastKnownFileType = sourcecode.c.h; path = game.h; sourceTree = "<group>"; };
		9C689F6E235008B000EBF82E /* fuhahaEngine.h */ = {isa = PBXFileReference; fileEncoding = 4; lastKnownFileType = sourcecode.c.h; path = fuhahaEngine.h; sourceTree = "<group>"; };
		9C689F71235008B000EBF82E /* engineCtrlTouch.h */ = {isa = PBXFileReference; fileEncoding = 4; lastKnownFileType = sourcecode.c.h; path = engineCtrlTouch.h; sourceTree = "<group>"; };
		9C689F72235008B000EBF82E /* engineCtrlTouch.c */ = {isa = PBXFileReference; fileEncoding = 4; lastKnownFileType = sourcecode.c.c; path = engineCtrlTouch.c; sourceTree = "<group>"; };
		9C689F73235008B000EBF82E /* engineCtrl.h */ = {isa = PBXFileReference; fileEncoding = 4; lastKnownFileType = sourcecode.c.h; path = engineCtrl.h; sourceTree = "<group>"; };
		9C689F75235008B000EBF82E /* engineLayoutViewGearInteract.h */ = {isa = PBXFileReference; fileEncoding = 4; lastKnownFileType = sourcecode.c.h; path = engineLayoutViewGearInteract.h; sourceTree = "<group>"; };
		9C689F76235008B000EBF82E /* engineLayoutPartsSwipeScroller.h */ = {isa = PBXFileReference; fileEncoding = 4; lastKnownFileType = sourcecode.c.h; path = engineLayoutPartsSwipeScroller.h; sourceTree = "<group>"; };
		9C689F77235008B000EBF82E /* engineLayoutPartsFrame.c */ = {isa = PBXFileReference; fileEncoding = 4; lastKnownFileType = sourcecode.c.c; path = engineLayoutPartsFrame.c; sourceTree = "<group>"; };
		9C689F78235008B000EBF82E /* engineLayoutPartsButtonOuter.c */ = {isa = PBXFileReference; fileEncoding = 4; lastKnownFileType = sourcecode.c.c; path = engineLayoutPartsButtonOuter.c; sourceTree = "<group>"; };
		9C689F79235008B000EBF82E /* engineLayoutPartsArrowKey.c */ = {isa = PBXFileReference; fileEncoding = 4; lastKnownFileType = sourcecode.c.c; path = engineLayoutPartsArrowKey.c; sourceTree = "<group>"; };
		9C689F7A235008B000EBF82E /* engineLayoutPartsImageText.c */ = {isa = PBXFileReference; fileEncoding = 4; lastKnownFileType = sourcecode.c.c; path = engineLayoutPartsImageText.c; sourceTree = "<group>"; };
		9C689F7B235008B000EBF82E /* engineLayoutViewGearFamily.c */ = {isa = PBXFileReference; fileEncoding = 4; lastKnownFileType = sourcecode.c.c; path = engineLayoutViewGearFamily.c; sourceTree = "<group>"; };
		9C689F7C235008B000EBF82E /* engineLayoutPartsMaskRect.h */ = {isa = PBXFileReference; fileEncoding = 4; lastKnownFileType = sourcecode.c.h; path = engineLayoutPartsMaskRect.h; sourceTree = "<group>"; };
		9C689F7D235008B000EBF82E /* engineLayoutUtilSwipe.h */ = {isa = PBXFileReference; fileEncoding = 4; lastKnownFileType = sourcecode.c.h; path = engineLayoutUtilSwipe.h; sourceTree = "<group>"; };
		9C689F7E235008B000EBF82E /* engineLayoutPartsRect.h */ = {isa = PBXFileReference; fileEncoding = 4; lastKnownFileType = sourcecode.c.h; path = engineLayoutPartsRect.h; sourceTree = "<group>"; };
		9C689F7F235008B000EBF82E /* engineLayoutViewGearGraphicObject.h */ = {isa = PBXFileReference; fileEncoding = 4; lastKnownFileType = sourcecode.c.h; path = engineLayoutViewGearGraphicObject.h; sourceTree = "<group>"; };
		9C689F80235008B000EBF82E /* engineLayoutPartsTemplate.c */ = {isa = PBXFileReference; fileEncoding = 4; lastKnownFileType = sourcecode.c.c; path = engineLayoutPartsTemplate.c; sourceTree = "<group>"; };
		9C689F81235008B000EBF82E /* engineLayoutPartsSwipePager.c */ = {isa = PBXFileReference; fileEncoding = 4; lastKnownFileType = sourcecode.c.c; path = engineLayoutPartsSwipePager.c; sourceTree = "<group>"; };
		9C689F82235008B000EBF82E /* engineLayoutPartsFilterColor.c */ = {isa = PBXFileReference; fileEncoding = 4; lastKnownFileType = sourcecode.c.c; path = engineLayoutPartsFilterColor.c; sourceTree = "<group>"; };
		9C689F83235008B000EBF82E /* engineLayoutPartsButtonBox.c */ = {isa = PBXFileReference; fileEncoding = 4; lastKnownFileType = sourcecode.c.c; path = engineLayoutPartsButtonBox.c; sourceTree = "<group>"; };
		9C689F84235008B000EBF82E /* engineLayoutPartsFontText.c */ = {isa = PBXFileReference; fileEncoding = 4; lastKnownFileType = sourcecode.c.c; path = engineLayoutPartsFontText.c; sourceTree = "<group>"; };
		9C689F85235008B000EBF82E /* engineLayoutPartsFontNumber.h */ = {isa = PBXFileReference; fileEncoding = 4; lastKnownFileType = sourcecode.c.h; path = engineLayoutPartsFontNumber.h; sourceTree = "<group>"; };
		9C689F86235008B000EBF82E /* engineLayoutPartsButtonPicker.c */ = {isa = PBXFileReference; fileEncoding = 4; lastKnownFileType = sourcecode.c.c; path = engineLayoutPartsButtonPicker.c; sourceTree = "<group>"; };
		9C689F87235008B000EBF82E /* engineLayoutPartsImageNumber.c */ = {isa = PBXFileReference; fileEncoding = 4; lastKnownFileType = sourcecode.c.c; path = engineLayoutPartsImageNumber.c; sourceTree = "<group>"; };
		9C689F88235008B000EBF82E /* engineLayoutViewGearPosition.c */ = {isa = PBXFileReference; fileEncoding = 4; lastKnownFileType = sourcecode.c.c; path = engineLayoutViewGearPosition.c; sourceTree = "<group>"; };
		9C689F89235008B000EBF82E /* engineLayoutView.h */ = {isa = PBXFileReference; fileEncoding = 4; lastKnownFileType = sourcecode.c.h; path = engineLayoutView.h; sourceTree = "<group>"; };
		9C689F8A235008B000EBF82E /* engineLayout.h */ = {isa = PBXFileReference; fileEncoding = 4; lastKnownFileType = sourcecode.c.h; path = engineLayout.h; sourceTree = "<group>"; };
		9C689F8B235008B000EBF82E /* engineLayoutPartsRoot.h */ = {isa = PBXFileReference; fileEncoding = 4; lastKnownFileType = sourcecode.c.h; path = engineLayoutPartsRoot.h; sourceTree = "<group>"; };
		9C689F8C235008B000EBF82E /* engineLayoutPartsArrowKey.h */ = {isa = PBXFileReference; fileEncoding = 4; lastKnownFileType = sourcecode.c.h; path = engineLayoutPartsArrowKey.h; sourceTree = "<group>"; };
		9C689F8D235008B000EBF82E /* engineLayoutViewGearFamily.h */ = {isa = PBXFileReference; fileEncoding = 4; lastKnownFileType = sourcecode.c.h; path = engineLayoutViewGearFamily.h; sourceTree = "<group>"; };
		9C689F8E235008B000EBF82E /* engineLayoutPartsImageText.h */ = {isa = PBXFileReference; fileEncoding = 4; lastKnownFileType = sourcecode.c.h; path = engineLayoutPartsImageText.h; sourceTree = "<group>"; };
		9C689F8F235008B000EBF82E /* engineLayoutPartsButtonOuter.h */ = {isa = PBXFileReference; fileEncoding = 4; lastKnownFileType = sourcecode.c.h; path = engineLayoutPartsButtonOuter.h; sourceTree = "<group>"; };
		9C689F90235008B000EBF82E /* engineLayoutPartsFrame.h */ = {isa = PBXFileReference; fileEncoding = 4; lastKnownFileType = sourcecode.c.h; path = engineLayoutPartsFrame.h; sourceTree = "<group>"; };
		9C689F91235008B000EBF82E /* engineLayoutPartsSwipeScroller.c */ = {isa = PBXFileReference; fileEncoding = 4; lastKnownFileType = sourcecode.c.c; path = engineLayoutPartsSwipeScroller.c; sourceTree = "<group>"; };
		9C689F92235008B000EBF82E /* engineLayoutViewGearInteract.c */ = {isa = PBXFileReference; fileEncoding = 4; lastKnownFileType = sourcecode.c.c; path = engineLayoutViewGearInteract.c; sourceTree = "<group>"; };
		9C689F93235008B000EBF82E /* engineLayoutPartsTemplate.h */ = {isa = PBXFileReference; fileEncoding = 4; lastKnownFileType = sourcecode.c.h; path = engineLayoutPartsTemplate.h; sourceTree = "<group>"; };
		9C689F94235008B000EBF82E /* engineLayoutPartsSwipePager.h */ = {isa = PBXFileReference; fileEncoding = 4; lastKnownFileType = sourcecode.c.h; path = engineLayoutPartsSwipePager.h; sourceTree = "<group>"; };
		9C689F95235008B000EBF82E /* engineLayoutViewGearGraphicObject.c */ = {isa = PBXFileReference; fileEncoding = 4; lastKnownFileType = sourcecode.c.c; path = engineLayoutViewGearGraphicObject.c; sourceTree = "<group>"; };
		9C689F96235008B000EBF82E /* engineLayoutUtilSwipe.c */ = {isa = PBXFileReference; fileEncoding = 4; lastKnownFileType = sourcecode.c.c; path = engineLayoutUtilSwipe.c; sourceTree = "<group>"; };
		9C689F97235008B000EBF82E /* engineLayoutPartsRect.c */ = {isa = PBXFileReference; fileEncoding = 4; lastKnownFileType = sourcecode.c.c; path = engineLayoutPartsRect.c; sourceTree = "<group>"; };
		9C689F98235008B000EBF82E /* engineLayoutPartsMaskRect.c */ = {isa = PBXFileReference; fileEncoding = 4; lastKnownFileType = sourcecode.c.c; path = engineLayoutPartsMaskRect.c; sourceTree = "<group>"; };
		9C689F99235008B000EBF82E /* engineLayoutPartsFontText.h */ = {isa = PBXFileReference; fileEncoding = 4; lastKnownFileType = sourcecode.c.h; path = engineLayoutPartsFontText.h; sourceTree = "<group>"; };
		9C689F9A235008B000EBF82E /* engineLayoutPartsFontNumber.c */ = {isa = PBXFileReference; fileEncoding = 4; lastKnownFileType = sourcecode.c.c; path = engineLayoutPartsFontNumber.c; sourceTree = "<group>"; };
		9C689F9B235008B000EBF82E /* engineLayoutPartsFilterColor.h */ = {isa = PBXFileReference; fileEncoding = 4; lastKnownFileType = sourcecode.c.h; path = engineLayoutPartsFilterColor.h; sourceTree = "<group>"; };
		9C689F9C235008B000EBF82E /* engineLayoutPartsButtonBox.h */ = {isa = PBXFileReference; fileEncoding = 4; lastKnownFileType = sourcecode.c.h; path = engineLayoutPartsButtonBox.h; sourceTree = "<group>"; };
		9C689F9D235008B000EBF82E /* engineLayoutPartsRoot.c */ = {isa = PBXFileReference; fileEncoding = 4; lastKnownFileType = sourcecode.c.c; path = engineLayoutPartsRoot.c; sourceTree = "<group>"; };
		9C689F9E235008B000EBF82E /* engineLayoutView.c */ = {isa = PBXFileReference; fileEncoding = 4; lastKnownFileType = sourcecode.c.c; path = engineLayoutView.c; sourceTree = "<group>"; };
		9C689F9F235008B000EBF82E /* engineLayoutViewGearPosition.h */ = {isa = PBXFileReference; fileEncoding = 4; lastKnownFileType = sourcecode.c.h; path = engineLayoutViewGearPosition.h; sourceTree = "<group>"; };
		9C689FA0235008B000EBF82E /* engineLayoutPartsImageNumber.h */ = {isa = PBXFileReference; fileEncoding = 4; lastKnownFileType = sourcecode.c.h; path = engineLayoutPartsImageNumber.h; sourceTree = "<group>"; };
		9C689FA1235008B000EBF82E /* engineLayoutPartsButtonPicker.h */ = {isa = PBXFileReference; fileEncoding = 4; lastKnownFileType = sourcecode.c.h; path = engineLayoutPartsButtonPicker.h; sourceTree = "<group>"; };
		9C689FA3235008B000EBF82E /* enginePrimitiveWater.c */ = {isa = PBXFileReference; fileEncoding = 4; lastKnownFileType = sourcecode.c.c; path = enginePrimitiveWater.c; sourceTree = "<group>"; };
		9C689FA4235008B000EBF82E /* enginePrimitiveTorus.h */ = {isa = PBXFileReference; fileEncoding = 4; lastKnownFileType = sourcecode.c.h; path = enginePrimitiveTorus.h; sourceTree = "<group>"; };
		9C689FA5235008B000EBF82E /* enginePrimitiveSphere.c */ = {isa = PBXFileReference; fileEncoding = 4; lastKnownFileType = sourcecode.c.c; path = enginePrimitiveSphere.c; sourceTree = "<group>"; };
		9C689FA6235008B000EBF82E /* enginePrimitiveWater.h */ = {isa = PBXFileReference; fileEncoding = 4; lastKnownFileType = sourcecode.c.h; path = enginePrimitiveWater.h; sourceTree = "<group>"; };
		9C689FA7235008B000EBF82E /* enginePrimitive.h */ = {isa = PBXFileReference; fileEncoding = 4; lastKnownFileType = sourcecode.c.h; path = enginePrimitive.h; sourceTree = "<group>"; };
		9C689FA8235008B000EBF82E /* enginePrimitiveSphere.h */ = {isa = PBXFileReference; fileEncoding = 4; lastKnownFileType = sourcecode.c.h; path = enginePrimitiveSphere.h; sourceTree = "<group>"; };
		9C689FA9235008B000EBF82E /* enginePrimitiveTorus.c */ = {isa = PBXFileReference; fileEncoding = 4; lastKnownFileType = sourcecode.c.c; path = enginePrimitiveTorus.c; sourceTree = "<group>"; };
		9C689FAB235008B000EBF82E /* engineMathRandom.h */ = {isa = PBXFileReference; fileEncoding = 4; lastKnownFileType = sourcecode.c.h; path = engineMathRandom.h; sourceTree = "<group>"; };
		9C689FAC235008B000EBF82E /* engineMathMatrix.c */ = {isa = PBXFileReference; fileEncoding = 4; lastKnownFileType = sourcecode.c.c; path = engineMathMatrix.c; sourceTree = "<group>"; };
		9C689FAD235008B000EBF82E /* engineMathFunction.h */ = {isa = PBXFileReference; fileEncoding = 4; lastKnownFileType = sourcecode.c.h; path = engineMathFunction.h; sourceTree = "<group>"; };
		9C689FAE235008B000EBF82E /* engineMathMatrix.h */ = {isa = PBXFileReference; fileEncoding = 4; lastKnownFileType = sourcecode.c.h; path = engineMathMatrix.h; sourceTree = "<group>"; };
		9C689FAF235008B000EBF82E /* engineMathRandom.c */ = {isa = PBXFileReference; fileEncoding = 4; lastKnownFileType = sourcecode.c.c; path = engineMathRandom.c; sourceTree = "<group>"; };
		9C689FB0235008B000EBF82E /* engineMath.h */ = {isa = PBXFileReference; fileEncoding = 4; lastKnownFileType = sourcecode.c.h; path = engineMath.h; sourceTree = "<group>"; };
		9C689FB1235008B000EBF82E /* engineMathFunction.c */ = {isa = PBXFileReference; fileEncoding = 4; lastKnownFileType = sourcecode.c.c; path = engineMathFunction.c; sourceTree = "<group>"; };
		9C689FB3235008B000EBF82E /* engineUtilFrame.h */ = {isa = PBXFileReference; fileEncoding = 4; lastKnownFileType = sourcecode.c.h; path = engineUtilFrame.h; sourceTree = "<group>"; };
		9C689FB4235008B000EBF82E /* engineUtilSystem.c */ = {isa = PBXFileReference; fileEncoding = 4; lastKnownFileType = sourcecode.c.c; path = engineUtilSystem.c; sourceTree = "<group>"; };
		9C689FB5235008B000EBF82E /* engineUtilMemory.c */ = {isa = PBXFileReference; fileEncoding = 4; lastKnownFileType = sourcecode.c.c; path = engineUtilMemory.c; sourceTree = "<group>"; };
		9C689FB6235008B000EBF82E /* engineUtilSystem.h */ = {isa = PBXFileReference; fileEncoding = 4; lastKnownFileType = sourcecode.c.h; path = engineUtilSystem.h; sourceTree = "<group>"; };
		9C689FB7235008B000EBF82E /* engineUtilFrame.c */ = {isa = PBXFileReference; fileEncoding = 4; lastKnownFileType = sourcecode.c.c; path = engineUtilFrame.c; sourceTree = "<group>"; };
		9C689FB8235008B000EBF82E /* engineUtil.h */ = {isa = PBXFileReference; fileEncoding = 4; lastKnownFileType = sourcecode.c.h; path = engineUtil.h; sourceTree = "<group>"; };
		9C689FB9235008B000EBF82E /* engineUtilMemory.h */ = {isa = PBXFileReference; fileEncoding = 4; lastKnownFileType = sourcecode.c.h; path = engineUtilMemory.h; sourceTree = "<group>"; };
		9C689FBB235008B000EBF82E /* engineGraphicShaderTextureFilterColor.h */ = {isa = PBXFileReference; fileEncoding = 4; lastKnownFileType = sourcecode.c.h; path = engineGraphicShaderTextureFilterColor.h; sourceTree = "<group>"; };
		9C689FBC235008B000EBF82E /* engineGraphicObject.c */ = {isa = PBXFileReference; fileEncoding = 4; lastKnownFileType = sourcecode.c.c; path = engineGraphicObject.c; sourceTree = "<group>"; };
		9C689FBD235008B000EBF82E /* engineGraphicShaderTextureColorBlendAlphaMask.h */ = {isa = PBXFileReference; fileEncoding = 4; lastKnownFileType = sourcecode.c.h; path = engineGraphicShaderTextureColorBlendAlphaMask.h; sourceTree = "<group>"; };
		9C689FBE235008B000EBF82E /* engineGraphicShaderTexture.h */ = {isa = PBXFileReference; fileEncoding = 4; lastKnownFileType = sourcecode.c.h; path = engineGraphicShaderTexture.h; sourceTree = "<group>"; };
		9C689FBF235008B000EBF82E /* engineGraphicMain.c */ = {isa = PBXFileReference; fileEncoding = 4; lastKnownFileType = sourcecode.c.c; path = engineGraphicMain.c; sourceTree = "<group>"; };
		9C689FC0235008B000EBF82E /* engineGraphicBuffer.c */ = {isa = PBXFileReference; fileEncoding = 4; lastKnownFileType = sourcecode.c.c; path = engineGraphicBuffer.c; sourceTree = "<group>"; };
		9C689FC1235008B000EBF82E /* engineGraphicEngine.h */ = {isa = PBXFileReference; fileEncoding = 4; lastKnownFileType = sourcecode.c.h; path = engineGraphicEngine.h; sourceTree = "<group>"; };
		9C689FC2235008B000EBF82E /* engineGraphicShaderColorBlend.c */ = {isa = PBXFileReference; fileEncoding = 4; lastKnownFileType = sourcecode.c.c; path = engineGraphicShaderColorBlend.c; sourceTree = "<group>"; };
		9C689FC3235008B000EBF82E /* engineGraphicShaderTextureAlphaMask.h */ = {isa = PBXFileReference; fileEncoding = 4; lastKnownFileType = sourcecode.c.h; path = engineGraphicShaderTextureAlphaMask.h; sourceTree = "<group>"; };
		9C689FC4235008B000EBF82E /* engineGraphicStencil.h */ = {isa = PBXFileReference; fileEncoding = 4; lastKnownFileType = sourcecode.c.h; path = engineGraphicStencil.h; sourceTree = "<group>"; };
		9C689FC5235008B000EBF82E /* engineGraphicTexture.h */ = {isa = PBXFileReference; fileEncoding = 4; lastKnownFileType = sourcecode.c.h; path = engineGraphicTexture.h; sourceTree = "<group>"; };
		9C689FC6235008B000EBF82E /* engineGraphicShaderPhong.c */ = {isa = PBXFileReference; fileEncoding = 4; lastKnownFileType = sourcecode.c.c; path = engineGraphicShaderPhong.c; sourceTree = "<group>"; };
		9C689FC7235008B000EBF82E /* engineGraphicObject.h */ = {isa = PBXFileReference; fileEncoding = 4; lastKnownFileType = sourcecode.c.h; path = engineGraphicObject.h; sourceTree = "<group>"; };
		9C689FC8235008B000EBF82E /* engineGraphic.h */ = {isa = PBXFileReference; fileEncoding = 4; lastKnownFileType = sourcecode.c.h; path = engineGraphic.h; sourceTree = "<group>"; };
		9C689FC9235008B000EBF82E /* engineGraphicShaderTextureColorBlendAlphaMask.c */ = {isa = PBXFileReference; fileEncoding = 4; lastKnownFileType = sourcecode.c.c; path = engineGraphicShaderTextureColorBlendAlphaMask.c; sourceTree = "<group>"; };
		9C689FCA235008B000EBF82E /* engineGraphicShaderTextureFilterColor.c */ = {isa = PBXFileReference; fileEncoding = 4; lastKnownFileType = sourcecode.c.c; path = engineGraphicShaderTextureFilterColor.c; sourceTree = "<group>"; };
		9C689FCB235008B000EBF82E /* engineGraphicEngine.c */ = {isa = PBXFileReference; fileEncoding = 4; lastKnownFileType = sourcecode.c.c; path = engineGraphicEngine.c; sourceTree = "<group>"; };
		9C689FCC235008B000EBF82E /* engineGraphicBuffer.h */ = {isa = PBXFileReference; fileEncoding = 4; lastKnownFileType = sourcecode.c.h; path = engineGraphicBuffer.h; sourceTree = "<group>"; };
		9C689FCD235008B000EBF82E /* engineGraphicMain.h */ = {isa = PBXFileReference; fileEncoding = 4; lastKnownFileType = sourcecode.c.h; path = engineGraphicMain.h; sourceTree = "<group>"; };
		9C689FCE235008B000EBF82E /* engineGraphicShaderTexture.c */ = {isa = PBXFileReference; fileEncoding = 4; lastKnownFileType = sourcecode.c.c; path = engineGraphicShaderTexture.c; sourceTree = "<group>"; };
		9C689FCF235008B000EBF82E /* engineGraphicShaderTextureAlphaMask.c */ = {isa = PBXFileReference; fileEncoding = 4; lastKnownFileType = sourcecode.c.c; path = engineGraphicShaderTextureAlphaMask.c; sourceTree = "<group>"; };
		9C689FD0235008B000EBF82E /* engineGraphicShaderColorBlend.h */ = {isa = PBXFileReference; fileEncoding = 4; lastKnownFileType = sourcecode.c.h; path = engineGraphicShaderColorBlend.h; sourceTree = "<group>"; };
		9C689FD1235008B000EBF82E /* engineGraphicShaderPhong.h */ = {isa = PBXFileReference; fileEncoding = 4; lastKnownFileType = sourcecode.c.h; path = engineGraphicShaderPhong.h; sourceTree = "<group>"; };
		9C689FD2235008B000EBF82E /* engineGraphicStencil.c */ = {isa = PBXFileReference; fileEncoding = 4; lastKnownFileType = sourcecode.c.c; path = engineGraphicStencil.c; sourceTree = "<group>"; };
		9C689FD3235008B000EBF82E /* engineGraphicTexture.c */ = {isa = PBXFileReference; fileEncoding = 4; lastKnownFileType = sourcecode.c.c; path = engineGraphicTexture.c; sourceTree = "<group>"; };
		9C689FD5235008B000EBF82E /* engineData.h */ = {isa = PBXFileReference; fileEncoding = 4; lastKnownFileType = sourcecode.c.h; path = engineData.h; sourceTree = "<group>"; };
		9C689FD6235008B000EBF82E /* engineDataJson.h */ = {isa = PBXFileReference; fileEncoding = 4; lastKnownFileType = sourcecode.c.h; path = engineDataJson.h; sourceTree = "<group>"; };
		9C689FD7235008B000EBF82E /* engineDataBase64.h */ = {isa = PBXFileReference; fileEncoding = 4; lastKnownFileType = sourcecode.c.h; path = engineDataBase64.h; sourceTree = "<group>"; };
		9C689FD8235008B000EBF82E /* engineDataRequest.h */ = {isa = PBXFileReference; fileEncoding = 4; lastKnownFileType = sourcecode.c.h; path = engineDataRequest.h; sourceTree = "<group>"; };
		9C689FD9235008B000EBF82E /* engineDataJson.c */ = {isa = PBXFileReference; fileEncoding = 4; lastKnownFileType = sourcecode.c.c; path = engineDataJson.c; sourceTree = "<group>"; };
		9C689FDA235008B000EBF82E /* engineDataRequest.c */ = {isa = PBXFileReference; fileEncoding = 4; lastKnownFileType = sourcecode.c.c; path = engineDataRequest.c; sourceTree = "<group>"; };
		9C689FDB235008B000EBF82E /* engineDataBase64.c */ = {isa = PBXFileReference; fileEncoding = 4; lastKnownFileType = sourcecode.c.c; path = engineDataBase64.c; sourceTree = "<group>"; };
		9C689FDD235008B000EBF82E /* engineCartridgeLayoutPage.c */ = {isa = PBXFileReference; fileEncoding = 4; lastKnownFileType = sourcecode.c.c; path = engineCartridgeLayoutPage.c; sourceTree = "<group>"; };
		9C689FDE235008B000EBF82E /* engineCartridgePage.c */ = {isa = PBXFileReference; fileEncoding = 4; lastKnownFileType = sourcecode.c.c; path = engineCartridgePage.c; sourceTree = "<group>"; };
		9C689FDF235008B000EBF82E /* engineCartridgePopup.c */ = {isa = PBXFileReference; fileEncoding = 4; lastKnownFileType = sourcecode.c.c; path = engineCartridgePopup.c; sourceTree = "<group>"; };
		9C689FE0235008B000EBF82E /* engineCartridgeLayoutPopup.c */ = {isa = PBXFileReference; fileEncoding = 4; lastKnownFileType = sourcecode.c.c; path = engineCartridgeLayoutPopup.c; sourceTree = "<group>"; };
		9C689FE1235008B000EBF82E /* engineCartridge.h */ = {isa = PBXFileReference; fileEncoding = 4; lastKnownFileType = sourcecode.c.h; path = engineCartridge.h; sourceTree = "<group>"; };
		9C689FE2235008B000EBF82E /* engineCartridgeLayoutPage.h */ = {isa = PBXFileReference; fileEncoding = 4; lastKnownFileType = sourcecode.c.h; path = engineCartridgeLayoutPage.h; sourceTree = "<group>"; };
		9C689FE3235008B000EBF82E /* engineCartridgePopup.h */ = {isa = PBXFileReference; fileEncoding = 4; lastKnownFileType = sourcecode.c.h; path = engineCartridgePopup.h; sourceTree = "<group>"; };
		9C689FE4235008B000EBF82E /* engineCartridgePage.h */ = {isa = PBXFileReference; fileEncoding = 4; lastKnownFileType = sourcecode.c.h; path = engineCartridgePage.h; sourceTree = "<group>"; };
		9C689FE5235008B000EBF82E /* engineCartridgeLayoutPopup.h */ = {isa = PBXFileReference; fileEncoding = 4; lastKnownFileType = sourcecode.c.h; path = engineCartridgeLayoutPopup.h; sourceTree = "<group>"; };
		9C68A02F235008BB00EBF82E /* define.h */ = {isa = PBXFileReference; fileEncoding = 4; lastKnownFileType = sourcecode.c.h; path = define.h; sourceTree = "<group>"; };
		9C68A030235008BB00EBF82E /* defineSetting.h */ = {isa = PBXFileReference; fileEncoding = 4; lastKnownFileType = sourcecode.c.h; path = defineSetting.h; sourceTree = "<group>"; };
		9C68A031235008BB00EBF82E /* texpos.h */ = {isa = PBXFileReference; fileEncoding = 4; lastKnownFileType = sourcecode.c.h; path = texpos.h; sourceTree = "<group>"; };
		9C68A033235008BB00EBF82E /* pluginEnpty.c */ = {isa = PBXFileReference; fileEncoding = 4; lastKnownFileType = sourcecode.c.c; path = pluginEnpty.c; sourceTree = "<group>"; };
		9C68A034235008BB00EBF82E /* pluginEnpty.h */ = {isa = PBXFileReference; fileEncoding = 4; lastKnownFileType = sourcecode.c.h; path = pluginEnpty.h; sourceTree = "<group>"; };
		9C68A035235008BB00EBF82E /* pluginUtilUrl.c */ = {isa = PBXFileReference; fileEncoding = 4; lastKnownFileType = sourcecode.c.c; path = pluginUtilUrl.c; sourceTree = "<group>"; };
		9C68A037235008BB00EBF82E /* pageTest2Status.h */ = {isa = PBXFileReference; fileEncoding = 4; lastKnownFileType = sourcecode.c.h; path = pageTest2Status.h; sourceTree = "<group>"; };
		9C68A038235008BB00EBF82E /* pageTest2PartsPopupActiveDisplay.h */ = {isa = PBXFileReference; fileEncoding = 4; lastKnownFileType = sourcecode.c.h; path = pageTest2PartsPopupActiveDisplay.h; sourceTree = "<group>"; };
		9C68A039235008BB00EBF82E /* pageTest2PartsPopupActive.c */ = {isa = PBXFileReference; fileEncoding = 4; lastKnownFileType = sourcecode.c.c; path = pageTest2PartsPopupActive.c; sourceTree = "<group>"; };
		9C68A03A235008BB00EBF82E /* pageTest2PartsPagerPage1.c */ = {isa = PBXFileReference; fileEncoding = 4; lastKnownFileType = sourcecode.c.c; path = pageTest2PartsPagerPage1.c; sourceTree = "<group>"; };
		9C68A03B235008BB00EBF82E /* pageTest2PartsPagerPage3.h */ = {isa = PBXFileReference; fileEncoding = 4; lastKnownFileType = sourcecode.c.h; path = pageTest2PartsPagerPage3.h; sourceTree = "<group>"; };
		9C68A03C235008BB00EBF82E /* pageTest2PartsRoot.h */ = {isa = PBXFileReference; fileEncoding = 4; lastKnownFileType = sourcecode.c.h; path = pageTest2PartsRoot.h; sourceTree = "<group>"; };
		9C68A03D235008BB00EBF82E /* pageTest2.h */ = {isa = PBXFileReference; fileEncoding = 4; lastKnownFileType = sourcecode.c.h; path = pageTest2.h; sourceTree = "<group>"; };
		9C68A03E235008BB00EBF82E /* pageTest2PartsPagerPage2.c */ = {isa = PBXFileReference; fileEncoding = 4; lastKnownFileType = sourcecode.c.c; path = pageTest2PartsPagerPage2.c; sourceTree = "<group>"; };
		9C68A03F235008BB00EBF82E /* pageTest2PartsPopupSample.c */ = {isa = PBXFileReference; fileEncoding = 4; lastKnownFileType = sourcecode.c.c; path = pageTest2PartsPopupSample.c; sourceTree = "<group>"; };
		9C68A040235008BB00EBF82E /* pageTest1.c */ = {isa = PBXFileReference; fileEncoding = 4; lastKnownFileType = sourcecode.c.c; path = pageTest1.c; sourceTree = "<group>"; };
		9C68A041235008BB00EBF82E /* pageTest2PartsPopupActiveDisplay.c */ = {isa = PBXFileReference; fileEncoding = 4; lastKnownFileType = sourcecode.c.c; path = pageTest2PartsPopupActiveDisplay.c; sourceTree = "<group>"; };
		9C68A042235008BB00EBF82E /* pageTest2PartsPopupActive.h */ = {isa = PBXFileReference; fileEncoding = 4; lastKnownFileType = sourcecode.c.h; path = pageTest2PartsPopupActive.h; sourceTree = "<group>"; };
		9C68A043235008BB00EBF82E /* pageTest2Status.c */ = {isa = PBXFileReference; fileEncoding = 4; lastKnownFileType = sourcecode.c.c; path = pageTest2Status.c; sourceTree = "<group>"; };
		9C68A044235008BB00EBF82E /* pageTest2PartsPagerPage3.c */ = {isa = PBXFileReference; fileEncoding = 4; lastKnownFileType = sourcecode.c.c; path = pageTest2PartsPagerPage3.c; sourceTree = "<group>"; };
		9C68A045235008BB00EBF82E /* pageTest2PartsPagerPage1.h */ = {isa = PBXFileReference; fileEncoding = 4; lastKnownFileType = sourcecode.c.h; path = pageTest2PartsPagerPage1.h; sourceTree = "<group>"; };
		9C68A046235008BB00EBF82E /* pageTest2.c */ = {isa = PBXFileReference; fileEncoding = 4; lastKnownFileType = sourcecode.c.c; path = pageTest2.c; sourceTree = "<group>"; };
		9C68A047235008BB00EBF82E /* pageTest2PartsRoot.c */ = {isa = PBXFileReference; fileEncoding = 4; lastKnownFileType = sourcecode.c.c; path = pageTest2PartsRoot.c; sourceTree = "<group>"; };
		9C68A048235008BB00EBF82E /* pageTest2PartsPopupSample.h */ = {isa = PBXFileReference; fileEncoding = 4; lastKnownFileType = sourcecode.c.h; path = pageTest2PartsPopupSample.h; sourceTree = "<group>"; };
		9C68A049235008BB00EBF82E /* pageTest2PartsPagerPage2.h */ = {isa = PBXFileReference; fileEncoding = 4; lastKnownFileType = sourcecode.c.h; path = pageTest2PartsPagerPage2.h; sourceTree = "<group>"; };
		9C68A04A235008BB00EBF82E /* gameMain.c */ = {isa = PBXFileReference; fileEncoding = 4; lastKnownFileType = sourcecode.c.c; path = gameMain.c; sourceTree = "<group>"; };
		9C68A04C235008BB00EBF82E /* fuhaha_main_bridgingHeader.h */ = {isa = PBXFileReference; fileEncoding = 4; lastKnownFileType = sourcecode.c.h; path = fuhaha_main_bridgingHeader.h; sourceTree = "<group>"; };
		9C68A04D235008BB00EBF82E /* IosPluginEnpty.swift */ = {isa = PBXFileReference; fileEncoding = 4; lastKnownFileType = sourcecode.swift; path = IosPluginEnpty.swift; sourceTree = "<group>"; };
		9C68A04E235008BB00EBF82E /* iosPluginEnpty.m */ = {isa = PBXFileReference; fileEncoding = 4; lastKnownFileType = sourcecode.c.objc; path = iosPluginEnpty.m; sourceTree = "<group>"; };
		9C68A06C2350099700EBF82E /* assets */ = {isa = PBXFileReference; lastKnownFileType = folder; path = assets; sourceTree = "<group>"; };
		9C8D02391C99CCEB00F2CFFB /* fuhaha.app */ = {isa = PBXFileReference; explicitFileType = wrapper.application; includeInIndex = 0; path = fuhaha.app; sourceTree = BUILT_PRODUCTS_DIR; };
		9C8D023C1C99CCEB00F2CFFB /* AppDelegate.swift */ = {isa = PBXFileReference; lastKnownFileType = sourcecode.swift; path = AppDelegate.swift; sourceTree = "<group>"; };
		9C8D023E1C99CCEB00F2CFFB /* ViewController.swift */ = {isa = PBXFileReference; lastKnownFileType = sourcecode.swift; path = ViewController.swift; sourceTree = "<group>"; };
		9C8D02411C99CCEB00F2CFFB /* Base */ = {isa = PBXFileReference; lastKnownFileType = file.storyboard; name = Base; path = Base.lproj/Main.storyboard; sourceTree = "<group>"; };
		9C8D02431C99CCEB00F2CFFB /* Assets.xcassets */ = {isa = PBXFileReference; lastKnownFileType = folder.assetcatalog; path = Assets.xcassets; sourceTree = "<group>"; };
		9C8D02461C99CCEB00F2CFFB /* Base */ = {isa = PBXFileReference; lastKnownFileType = file.storyboard; name = Base; path = Base.lproj/LaunchScreen.storyboard; sourceTree = "<group>"; };
		9C8D02481C99CCEB00F2CFFB /* Info.plist */ = {isa = PBXFileReference; lastKnownFileType = text.plist.xml; path = Info.plist; sourceTree = "<group>"; };
/* End PBXFileReference section */

/* Begin PBXFrameworksBuildPhase section */
		9C8D02361C99CCEB00F2CFFB /* Frameworks */ = {
			isa = PBXFrameworksBuildPhase;
			buildActionMask = 2147483647;
			files = (
			);
			runOnlyForDeploymentPostprocessing = 0;
		};
/* End PBXFrameworksBuildPhase section */

/* Begin PBXGroup section */
		9C689F4A235008AF00EBF82E /* ios */ = {
			isa = PBXGroup;
			children = (
				9C689F4B235008AF00EBF82E /* iosPluginData.m */,
				9C689F4C235008AF00EBF82E /* IosPluginUtil.swift */,
				9C689F4D235008AF00EBF82E /* IosPluginTexture.swift */,
				9C689F4E235008AF00EBF82E /* native.h */,
				9C689F4F235008AF00EBF82E /* IosPluginPreference.swift */,
				9C689F50235008AF00EBF82E /* iosPluginSound.m */,
				9C689F51235008AF00EBF82E /* iosPluginTexture.m */,
				9C689F52235008AF00EBF82E /* FuhahaGLViewController.swift */,
				9C689F53235008AF00EBF82E /* fuhaha_engine_bridgingHeader.h */,
				9C689F54235008AF00EBF82E /* FuhahaEvent.swift */,
				9C689F55235008AF00EBF82E /* IosPluginData.swift */,
				9C689F56235008AF00EBF82E /* IosPluginSound.swift */,
				9C689F57235008AF00EBF82E /* iosPluginPreference.m */,
				9C689F58235008AF00EBF82E /* nativeMain.m */,
				9C689F59235008AF00EBF82E /* iosPluginUtil.m */,
				9C689F5A235008AF00EBF82E /* platform.h */,
			);
			name = ios;
			path = ../fuhahaEngine/ios;
			sourceTree = "<group>";
		};
		9C689F5B235008AF00EBF82E /* core */ = {
			isa = PBXGroup;
			children = (
				9C689F5C235008AF00EBF82E /* define */,
				9C689F5F235008B000EBF82E /* library.h */,
				9C689F60235008B000EBF82E /* gameEvent.c */,
				9C689F61235008B000EBF82E /* plugin */,
				9C689F6D235008B000EBF82E /* game.h */,
				9C689F6E235008B000EBF82E /* fuhahaEngine.h */,
				9C689F6F235008B000EBF82E /* engine */,
			);
			name = core;
			path = ../fuhahaEngine/core;
			sourceTree = "<group>";
		};
		9C689F5C235008AF00EBF82E /* define */ = {
			isa = PBXGroup;
			children = (
				9C689F5D235008B000EBF82E /* define.h */,
				9C689F5E235008B000EBF82E /* defineGlobal.h */,
			);
			path = define;
			sourceTree = "<group>";
		};
		9C689F61235008B000EBF82E /* plugin */ = {
			isa = PBXGroup;
			children = (
				9C689F62235008B000EBF82E /* pluginUtilCallback.c */,
				9C689F63235008B000EBF82E /* pluginTextureMemory.c */,
				9C689F64235008B000EBF82E /* pluginUtil.h */,
				9C689F65235008B000EBF82E /* pluginSound.h */,
				9C689F66235008B000EBF82E /* pluginDataCallback.c */,
				9C689F67235008B000EBF82E /* pluginTexture.h */,
				9C689F68235008B000EBF82E /* pluginTextureCallback.c */,
				9C689F69235008B000EBF82E /* pluginUtilMemory.c */,
				9C689F6A235008B000EBF82E /* pluginPreference.h */,
				9C689F6B235008B000EBF82E /* pluginTextureFontCodeList.c */,
				9C689F6C235008B000EBF82E /* pluginData.h */,
			);
			path = plugin;
			sourceTree = "<group>";
		};
		9C689F6F235008B000EBF82E /* engine */ = {
			isa = PBXGroup;
			children = (
				9C689F70235008B000EBF82E /* engineCtrl */,
				9C689F74235008B000EBF82E /* engineLayout */,
				9C689FA2235008B000EBF82E /* enginePrimitive */,
				9C689FAA235008B000EBF82E /* engineMath */,
				9C689FB2235008B000EBF82E /* engineUtil */,
				9C689FBA235008B000EBF82E /* engineGraphic */,
				9C689FD4235008B000EBF82E /* engineData */,
				9C689FDC235008B000EBF82E /* engineCartridge */,
			);
			path = engine;
			sourceTree = "<group>";
		};
		9C689F70235008B000EBF82E /* engineCtrl */ = {
			isa = PBXGroup;
			children = (
				9C689F71235008B000EBF82E /* engineCtrlTouch.h */,
				9C689F72235008B000EBF82E /* engineCtrlTouch.c */,
				9C689F73235008B000EBF82E /* engineCtrl.h */,
			);
			path = engineCtrl;
			sourceTree = "<group>";
		};
		9C689F74235008B000EBF82E /* engineLayout */ = {
			isa = PBXGroup;
			children = (
				9C689F75235008B000EBF82E /* engineLayoutViewGearInteract.h */,
				9C689F76235008B000EBF82E /* engineLayoutPartsSwipeScroller.h */,
				9C689F77235008B000EBF82E /* engineLayoutPartsFrame.c */,
				9C689F78235008B000EBF82E /* engineLayoutPartsButtonOuter.c */,
				9C689F79235008B000EBF82E /* engineLayoutPartsArrowKey.c */,
				9C689F7A235008B000EBF82E /* engineLayoutPartsImageText.c */,
				9C689F7B235008B000EBF82E /* engineLayoutViewGearFamily.c */,
				9C689F7C235008B000EBF82E /* engineLayoutPartsMaskRect.h */,
				9C689F7D235008B000EBF82E /* engineLayoutUtilSwipe.h */,
				9C689F7E235008B000EBF82E /* engineLayoutPartsRect.h */,
				9C689F7F235008B000EBF82E /* engineLayoutViewGearGraphicObject.h */,
				9C689F80235008B000EBF82E /* engineLayoutPartsTemplate.c */,
				9C689F81235008B000EBF82E /* engineLayoutPartsSwipePager.c */,
				9C689F82235008B000EBF82E /* engineLayoutPartsFilterColor.c */,
				9C689F83235008B000EBF82E /* engineLayoutPartsButtonBox.c */,
				9C689F84235008B000EBF82E /* engineLayoutPartsFontText.c */,
				9C689F85235008B000EBF82E /* engineLayoutPartsFontNumber.h */,
				9C689F86235008B000EBF82E /* engineLayoutPartsButtonPicker.c */,
				9C689F87235008B000EBF82E /* engineLayoutPartsImageNumber.c */,
				9C689F88235008B000EBF82E /* engineLayoutViewGearPosition.c */,
				9C689F89235008B000EBF82E /* engineLayoutView.h */,
				9C689F8A235008B000EBF82E /* engineLayout.h */,
				9C689F8B235008B000EBF82E /* engineLayoutPartsRoot.h */,
				9C689F8C235008B000EBF82E /* engineLayoutPartsArrowKey.h */,
				9C689F8D235008B000EBF82E /* engineLayoutViewGearFamily.h */,
				9C689F8E235008B000EBF82E /* engineLayoutPartsImageText.h */,
				9C689F8F235008B000EBF82E /* engineLayoutPartsButtonOuter.h */,
				9C689F90235008B000EBF82E /* engineLayoutPartsFrame.h */,
				9C689F91235008B000EBF82E /* engineLayoutPartsSwipeScroller.c */,
				9C689F92235008B000EBF82E /* engineLayoutViewGearInteract.c */,
				9C689F93235008B000EBF82E /* engineLayoutPartsTemplate.h */,
				9C689F94235008B000EBF82E /* engineLayoutPartsSwipePager.h */,
				9C689F95235008B000EBF82E /* engineLayoutViewGearGraphicObject.c */,
				9C689F96235008B000EBF82E /* engineLayoutUtilSwipe.c */,
				9C689F97235008B000EBF82E /* engineLayoutPartsRect.c */,
				9C689F98235008B000EBF82E /* engineLayoutPartsMaskRect.c */,
				9C689F99235008B000EBF82E /* engineLayoutPartsFontText.h */,
				9C689F9A235008B000EBF82E /* engineLayoutPartsFontNumber.c */,
				9C689F9B235008B000EBF82E /* engineLayoutPartsFilterColor.h */,
				9C689F9C235008B000EBF82E /* engineLayoutPartsButtonBox.h */,
				9C689F9D235008B000EBF82E /* engineLayoutPartsRoot.c */,
				9C689F9E235008B000EBF82E /* engineLayoutView.c */,
				9C689F9F235008B000EBF82E /* engineLayoutViewGearPosition.h */,
				9C689FA0235008B000EBF82E /* engineLayoutPartsImageNumber.h */,
				9C689FA1235008B000EBF82E /* engineLayoutPartsButtonPicker.h */,
			);
			path = engineLayout;
			sourceTree = "<group>";
		};
		9C689FA2235008B000EBF82E /* enginePrimitive */ = {
			isa = PBXGroup;
			children = (
				9C689FA3235008B000EBF82E /* enginePrimitiveWater.c */,
				9C689FA4235008B000EBF82E /* enginePrimitiveTorus.h */,
				9C689FA5235008B000EBF82E /* enginePrimitiveSphere.c */,
				9C689FA6235008B000EBF82E /* enginePrimitiveWater.h */,
				9C689FA7235008B000EBF82E /* enginePrimitive.h */,
				9C689FA8235008B000EBF82E /* enginePrimitiveSphere.h */,
				9C689FA9235008B000EBF82E /* enginePrimitiveTorus.c */,
			);
			path = enginePrimitive;
			sourceTree = "<group>";
		};
		9C689FAA235008B000EBF82E /* engineMath */ = {
			isa = PBXGroup;
			children = (
				9C689FAB235008B000EBF82E /* engineMathRandom.h */,
				9C689FAC235008B000EBF82E /* engineMathMatrix.c */,
				9C689FAD235008B000EBF82E /* engineMathFunction.h */,
				9C689FAE235008B000EBF82E /* engineMathMatrix.h */,
				9C689FAF235008B000EBF82E /* engineMathRandom.c */,
				9C689FB0235008B000EBF82E /* engineMath.h */,
				9C689FB1235008B000EBF82E /* engineMathFunction.c */,
			);
			path = engineMath;
			sourceTree = "<group>";
		};
		9C689FB2235008B000EBF82E /* engineUtil */ = {
			isa = PBXGroup;
			children = (
				9C689FB3235008B000EBF82E /* engineUtilFrame.h */,
				9C689FB4235008B000EBF82E /* engineUtilSystem.c */,
				9C689FB5235008B000EBF82E /* engineUtilMemory.c */,
				9C689FB6235008B000EBF82E /* engineUtilSystem.h */,
				9C689FB7235008B000EBF82E /* engineUtilFrame.c */,
				9C689FB8235008B000EBF82E /* engineUtil.h */,
				9C689FB9235008B000EBF82E /* engineUtilMemory.h */,
			);
			path = engineUtil;
			sourceTree = "<group>";
		};
		9C689FBA235008B000EBF82E /* engineGraphic */ = {
			isa = PBXGroup;
			children = (
				9C689FBB235008B000EBF82E /* engineGraphicShaderTextureFilterColor.h */,
				9C689FBC235008B000EBF82E /* engineGraphicObject.c */,
				9C689FBD235008B000EBF82E /* engineGraphicShaderTextureColorBlendAlphaMask.h */,
				9C689FBE235008B000EBF82E /* engineGraphicShaderTexture.h */,
				9C689FBF235008B000EBF82E /* engineGraphicMain.c */,
				9C689FC0235008B000EBF82E /* engineGraphicBuffer.c */,
				9C689FC1235008B000EBF82E /* engineGraphicEngine.h */,
				9C689FC2235008B000EBF82E /* engineGraphicShaderColorBlend.c */,
				9C689FC3235008B000EBF82E /* engineGraphicShaderTextureAlphaMask.h */,
				9C689FC4235008B000EBF82E /* engineGraphicStencil.h */,
				9C689FC5235008B000EBF82E /* engineGraphicTexture.h */,
				9C689FC6235008B000EBF82E /* engineGraphicShaderPhong.c */,
				9C689FC7235008B000EBF82E /* engineGraphicObject.h */,
				9C689FC8235008B000EBF82E /* engineGraphic.h */,
				9C689FC9235008B000EBF82E /* engineGraphicShaderTextureColorBlendAlphaMask.c */,
				9C689FCA235008B000EBF82E /* engineGraphicShaderTextureFilterColor.c */,
				9C689FCB235008B000EBF82E /* engineGraphicEngine.c */,
				9C689FCC235008B000EBF82E /* engineGraphicBuffer.h */,
				9C689FCD235008B000EBF82E /* engineGraphicMain.h */,
				9C689FCE235008B000EBF82E /* engineGraphicShaderTexture.c */,
				9C689FCF235008B000EBF82E /* engineGraphicShaderTextureAlphaMask.c */,
				9C689FD0235008B000EBF82E /* engineGraphicShaderColorBlend.h */,
				9C689FD1235008B000EBF82E /* engineGraphicShaderPhong.h */,
				9C689FD2235008B000EBF82E /* engineGraphicStencil.c */,
				9C689FD3235008B000EBF82E /* engineGraphicTexture.c */,
			);
			path = engineGraphic;
			sourceTree = "<group>";
		};
		9C689FD4235008B000EBF82E /* engineData */ = {
			isa = PBXGroup;
			children = (
				9C689FD5235008B000EBF82E /* engineData.h */,
				9C689FD6235008B000EBF82E /* engineDataJson.h */,
				9C689FD7235008B000EBF82E /* engineDataBase64.h */,
				9C689FD8235008B000EBF82E /* engineDataRequest.h */,
				9C689FD9235008B000EBF82E /* engineDataJson.c */,
				9C689FDA235008B000EBF82E /* engineDataRequest.c */,
				9C689FDB235008B000EBF82E /* engineDataBase64.c */,
			);
			path = engineData;
			sourceTree = "<group>";
		};
		9C689FDC235008B000EBF82E /* engineCartridge */ = {
			isa = PBXGroup;
			children = (
				9C689FDD235008B000EBF82E /* engineCartridgeLayoutPage.c */,
				9C689FDE235008B000EBF82E /* engineCartridgePage.c */,
				9C689FDF235008B000EBF82E /* engineCartridgePopup.c */,
				9C689FE0235008B000EBF82E /* engineCartridgeLayoutPopup.c */,
				9C689FE1235008B000EBF82E /* engineCartridge.h */,
				9C689FE2235008B000EBF82E /* engineCartridgeLayoutPage.h */,
				9C689FE3235008B000EBF82E /* engineCartridgePopup.h */,
				9C689FE4235008B000EBF82E /* engineCartridgePage.h */,
				9C689FE5235008B000EBF82E /* engineCartridgeLayoutPopup.h */,
			);
			path = engineCartridge;
			sourceTree = "<group>";
		};
		9C68A02D235008BB00EBF82E /* core */ = {
			isa = PBXGroup;
			children = (
				9C68A02E235008BB00EBF82E /* define */,
				9C68A032235008BB00EBF82E /* plugin */,
				9C68A036235008BB00EBF82E /* page00test */,
				9C68A04A235008BB00EBF82E /* gameMain.c */,
			);
			name = core;
			path = ../main/core;
			sourceTree = "<group>";
		};
		9C68A02E235008BB00EBF82E /* define */ = {
			isa = PBXGroup;
			children = (
				9C68A02F235008BB00EBF82E /* define.h */,
				9C68A030235008BB00EBF82E /* defineSetting.h */,
				9C68A031235008BB00EBF82E /* texpos.h */,
			);
			path = define;
			sourceTree = "<group>";
		};
		9C68A032235008BB00EBF82E /* plugin */ = {
			isa = PBXGroup;
			children = (
				9C68A033235008BB00EBF82E /* pluginEnpty.c */,
				9C68A034235008BB00EBF82E /* pluginEnpty.h */,
				9C68A035235008BB00EBF82E /* pluginUtilUrl.c */,
			);
			path = plugin;
			sourceTree = "<group>";
		};
		9C68A036235008BB00EBF82E /* page00test */ = {
			isa = PBXGroup;
			children = (
				9C68A037235008BB00EBF82E /* pageTest2Status.h */,
				9C68A038235008BB00EBF82E /* pageTest2PartsPopupActiveDisplay.h */,
				9C68A039235008BB00EBF82E /* pageTest2PartsPopupActive.c */,
				9C68A03A235008BB00EBF82E /* pageTest2PartsPagerPage1.c */,
				9C68A03B235008BB00EBF82E /* pageTest2PartsPagerPage3.h */,
				9C68A03C235008BB00EBF82E /* pageTest2PartsRoot.h */,
				9C68A03D235008BB00EBF82E /* pageTest2.h */,
				9C68A03E235008BB00EBF82E /* pageTest2PartsPagerPage2.c */,
				9C68A03F235008BB00EBF82E /* pageTest2PartsPopupSample.c */,
				9C68A040235008BB00EBF82E /* pageTest1.c */,
				9C68A041235008BB00EBF82E /* pageTest2PartsPopupActiveDisplay.c */,
				9C68A042235008BB00EBF82E /* pageTest2PartsPopupActive.h */,
				9C68A043235008BB00EBF82E /* pageTest2Status.c */,
				9C68A044235008BB00EBF82E /* pageTest2PartsPagerPage3.c */,
				9C68A045235008BB00EBF82E /* pageTest2PartsPagerPage1.h */,
				9C68A046235008BB00EBF82E /* pageTest2.c */,
				9C68A047235008BB00EBF82E /* pageTest2PartsRoot.c */,
				9C68A048235008BB00EBF82E /* pageTest2PartsPopupSample.h */,
				9C68A049235008BB00EBF82E /* pageTest2PartsPagerPage2.h */,
			);
			path = page00test;
			sourceTree = "<group>";
		};
		9C68A04B235008BB00EBF82E /* ios */ = {
			isa = PBXGroup;
			children = (
				9C68A04C235008BB00EBF82E /* fuhaha_main_bridgingHeader.h */,
				9C68A04D235008BB00EBF82E /* IosPluginEnpty.swift */,
				9C68A04E235008BB00EBF82E /* iosPluginEnpty.m */,
			);
			name = ios;
			path = ../main/ios;
			sourceTree = "<group>";
		};
		9C8D02301C99CCEB00F2CFFB = {
			isa = PBXGroup;
			children = (
				9C68A06C2350099700EBF82E /* assets */,
				9C689F5B235008AF00EBF82E /* core */,
				9C68A02D235008BB00EBF82E /* core */,
				9C8D023B1C99CCEB00F2CFFB /* fuhaha */,
				9C689F4A235008AF00EBF82E /* ios */,
				9C68A04B235008BB00EBF82E /* ios */,
				9C8D023A1C99CCEB00F2CFFB /* Products */,
			);
			sourceTree = "<group>";
		};
		9C8D023A1C99CCEB00F2CFFB /* Products */ = {
			isa = PBXGroup;
			children = (
				9C8D02391C99CCEB00F2CFFB /* fuhaha.app */,
			);
			name = Products;
			sourceTree = "<group>";
		};
		9C8D023B1C99CCEB00F2CFFB /* fuhaha */ = {
			isa = PBXGroup;
			children = (
				9C8D023C1C99CCEB00F2CFFB /* AppDelegate.swift */,
				9C8D02431C99CCEB00F2CFFB /* Assets.xcassets */,
				9C8D02481C99CCEB00F2CFFB /* Info.plist */,
				9C8D02451C99CCEB00F2CFFB /* LaunchScreen.storyboard */,
				9C8D02401C99CCEB00F2CFFB /* Main.storyboard */,
				9C31DAD91D7749B400472C89 /* splash.png */,
				9C8D023E1C99CCEB00F2CFFB /* ViewController.swift */,
			);
			path = fuhaha;
			sourceTree = "<group>";
		};
/* End PBXGroup section */

/* Begin PBXNativeTarget section */
		9C8D02381C99CCEB00F2CFFB /* fuhaha */ = {
			isa = PBXNativeTarget;
			buildConfigurationList = 9C8D024B1C99CCEB00F2CFFB /* Build configuration list for PBXNativeTarget "fuhaha" */;
			buildPhases = (
				9C8D02351C99CCEB00F2CFFB /* Sources */,
				9C8D02361C99CCEB00F2CFFB /* Frameworks */,
				9C8D02371C99CCEB00F2CFFB /* Resources */,
			);
			buildRules = (
			);
			dependencies = (
			);
			name = fuhaha;
			productName = fuhaha;
			productReference = 9C8D02391C99CCEB00F2CFFB /* fuhaha.app */;
			productType = "com.apple.product-type.application";
		};
/* End PBXNativeTarget section */

/* Begin PBXProject section */
		9C8D02311C99CCEB00F2CFFB /* Project object */ = {
			isa = PBXProject;
			attributes = {
				LastSwiftUpdateCheck = 0720;
				LastUpgradeCheck = 0800;
				ORGANIZATIONNAME = toteri;
				TargetAttributes = {
					9C8D02381C99CCEB00F2CFFB = {
						CreatedOnToolsVersion = 7.2.1;
						LastSwiftMigration = 0920;
					};
				};
			};
			buildConfigurationList = 9C8D02341C99CCEB00F2CFFB /* Build configuration list for PBXProject "fuhaha" */;
			compatibilityVersion = "Xcode 3.2";
			developmentRegion = English;
			hasScannedForEncodings = 0;
			knownRegions = (
				English,
				en,
				Base,
			);
			mainGroup = 9C8D02301C99CCEB00F2CFFB;
			productRefGroup = 9C8D023A1C99CCEB00F2CFFB /* Products */;
			projectDirPath = "";
			projectRoot = "";
			targets = (
				9C8D02381C99CCEB00F2CFFB /* fuhaha */,
			);
		};
/* End PBXProject section */

/* Begin PBXResourcesBuildPhase section */
		9C8D02371C99CCEB00F2CFFB /* Resources */ = {
			isa = PBXResourcesBuildPhase;
			buildActionMask = 2147483647;
			files = (
				9C68A06D2350099700EBF82E /* assets in Resources */,
				9C8D02471C99CCEB00F2CFFB /* LaunchScreen.storyboard in Resources */,
				9C8D02441C99CCEB00F2CFFB /* Assets.xcassets in Resources */,
				9C31DADA1D7749B400472C89 /* splash.png in Resources */,
				9C8D02421C99CCEB00F2CFFB /* Main.storyboard in Resources */,
			);
			runOnlyForDeploymentPostprocessing = 0;
		};
/* End PBXResourcesBuildPhase section */

/* Begin PBXSourcesBuildPhase section */
		9C8D02351C99CCEB00F2CFFB /* Sources */ = {
			isa = PBXSourcesBuildPhase;
			buildActionMask = 2147483647;
			files = (
				9C689FFC235008B000EBF82E /* engineLayoutPartsButtonOuter.c in Sources */,
				9C689FEB235008B000EBF82E /* iosPluginTexture.m in Sources */,
				9C68A053235008BC00EBF82E /* pageTest2PartsPagerPage2.c in Sources */,
				9C68A029235008B000EBF82E /* engineCartridgeLayoutPage.c in Sources */,
				9C689FED235008B000EBF82E /* FuhahaEvent.swift in Sources */,
				9C8D023F1C99CCEB00F2CFFB /* ViewController.swift in Sources */,
				9C68A002235008B000EBF82E /* engineLayoutPartsFilterColor.c in Sources */,
				9C689FFA235008B000EBF82E /* engineCtrlTouch.c in Sources */,
				9C68A00A235008B000EBF82E /* engineLayoutViewGearGraphicObject.c in Sources */,
				9C68A016235008B000EBF82E /* engineMathFunction.c in Sources */,
				9C68A006235008B000EBF82E /* engineLayoutPartsImageNumber.c in Sources */,
				9C68A014235008B000EBF82E /* engineMathMatrix.c in Sources */,
				9C68A050235008BB00EBF82E /* pluginUtilUrl.c in Sources */,
				9C68A000235008B000EBF82E /* engineLayoutPartsTemplate.c in Sources */,
				9C689FE8235008B000EBF82E /* IosPluginTexture.swift in Sources */,
				9C68A00D235008B000EBF82E /* engineLayoutPartsMaskRect.c in Sources */,
				9C68A00C235008B000EBF82E /* engineLayoutPartsRect.c in Sources */,
				9C8D023D1C99CCEB00F2CFFB /* AppDelegate.swift in Sources */,
				9C68A02C235008B000EBF82E /* engineCartridgeLayoutPopup.c in Sources */,
				9C68A022235008B000EBF82E /* engineGraphicShaderTexture.c in Sources */,
				9C68A01E235008B000EBF82E /* engineGraphicShaderPhong.c in Sources */,
				9C68A026235008B000EBF82E /* engineDataJson.c in Sources */,
				9C689FF1235008B000EBF82E /* nativeMain.m in Sources */,
				9C689FEA235008B000EBF82E /* iosPluginSound.m in Sources */,
				9C68A024235008B000EBF82E /* engineGraphicStencil.c in Sources */,
				9C68A01D235008B000EBF82E /* engineGraphicShaderColorBlend.c in Sources */,
				9C68A02A235008B000EBF82E /* engineCartridgePage.c in Sources */,
				9C689FF8235008B000EBF82E /* pluginUtilMemory.c in Sources */,
				9C68A025235008B000EBF82E /* engineGraphicTexture.c in Sources */,
				9C68A05D235008BC00EBF82E /* iosPluginEnpty.m in Sources */,
				9C689FFE235008B000EBF82E /* engineLayoutPartsImageText.c in Sources */,
				9C68A01A235008B000EBF82E /* engineGraphicObject.c in Sources */,
				9C68A054235008BC00EBF82E /* pageTest2PartsPopupSample.c in Sources */,
				9C68A011235008B000EBF82E /* enginePrimitiveWater.c in Sources */,
				9C68A012235008B000EBF82E /* enginePrimitiveSphere.c in Sources */,
				9C68A02B235008B000EBF82E /* engineCartridgePopup.c in Sources */,
				9C68A013235008B000EBF82E /* enginePrimitiveTorus.c in Sources */,
				9C68A04F235008BB00EBF82E /* pluginEnpty.c in Sources */,
				9C689FF4235008B000EBF82E /* pluginUtilCallback.c in Sources */,
				9C68A01F235008B000EBF82E /* engineGraphicShaderTextureColorBlendAlphaMask.c in Sources */,
				9C68A00F235008B000EBF82E /* engineLayoutPartsRoot.c in Sources */,
				9C68A01C235008B000EBF82E /* engineGraphicBuffer.c in Sources */,
				9C689FFB235008B000EBF82E /* engineLayoutPartsFrame.c in Sources */,
				9C68A008235008B000EBF82E /* engineLayoutPartsSwipeScroller.c in Sources */,
				9C68A00B235008B000EBF82E /* engineLayoutUtilSwipe.c in Sources */,
				9C68A015235008B000EBF82E /* engineMathRandom.c in Sources */,
				9C689FEF235008B000EBF82E /* IosPluginSound.swift in Sources */,
				9C68A058235008BC00EBF82E /* pageTest2PartsPagerPage3.c in Sources */,
				9C68A028235008B000EBF82E /* engineDataBase64.c in Sources */,
				9C68A004235008B000EBF82E /* engineLayoutPartsFontText.c in Sources */,
				9C68A05A235008BC00EBF82E /* pageTest2PartsRoot.c in Sources */,
				9C68A023235008B000EBF82E /* engineGraphicShaderTextureAlphaMask.c in Sources */,
				9C68A003235008B000EBF82E /* engineLayoutPartsButtonBox.c in Sources */,
				9C68A027235008B000EBF82E /* engineDataRequest.c in Sources */,
				9C68A051235008BC00EBF82E /* pageTest2PartsPopupActive.c in Sources */,
				9C68A010235008B000EBF82E /* engineLayoutView.c in Sources */,
				9C689FF3235008B000EBF82E /* gameEvent.c in Sources */,
				9C68A059235008BC00EBF82E /* pageTest2.c in Sources */,
				9C689FEC235008B000EBF82E /* FuhahaGLViewController.swift in Sources */,
				9C68A05B235008BC00EBF82E /* gameMain.c in Sources */,
				9C689FF0235008B000EBF82E /* iosPluginPreference.m in Sources */,
				9C68A020235008B000EBF82E /* engineGraphicShaderTextureFilterColor.c in Sources */,
				9C68A057235008BC00EBF82E /* pageTest2Status.c in Sources */,
				9C689FFD235008B000EBF82E /* engineLayoutPartsArrowKey.c in Sources */,
				9C68A055235008BC00EBF82E /* pageTest1.c in Sources */,
				9C68A05C235008BC00EBF82E /* IosPluginEnpty.swift in Sources */,
				9C689FEE235008B000EBF82E /* IosPluginData.swift in Sources */,
				9C689FF9235008B000EBF82E /* pluginTextureFontCodeList.c in Sources */,
				9C68A021235008B000EBF82E /* engineGraphicEngine.c in Sources */,
				9C689FF6235008B000EBF82E /* pluginDataCallback.c in Sources */,
				9C68A052235008BC00EBF82E /* pageTest2PartsPagerPage1.c in Sources */,
				9C68A019235008B000EBF82E /* engineUtilFrame.c in Sources */,
				9C68A00E235008B000EBF82E /* engineLayoutPartsFontNumber.c in Sources */,
				9C68A018235008B000EBF82E /* engineUtilMemory.c in Sources */,
				9C68A007235008B000EBF82E /* engineLayoutViewGearPosition.c in Sources */,
				9C689FFF235008B000EBF82E /* engineLayoutViewGearFamily.c in Sources */,
				9C68A001235008B000EBF82E /* engineLayoutPartsSwipePager.c in Sources */,
				9C689FE9235008B000EBF82E /* IosPluginPreference.swift in Sources */,
				9C68A017235008B000EBF82E /* engineUtilSystem.c in Sources */,
				9C68A005235008B000EBF82E /* engineLayoutPartsButtonPicker.c in Sources */,
				9C689FE7235008B000EBF82E /* IosPluginUtil.swift in Sources */,
				9C689FF5235008B000EBF82E /* pluginTextureMemory.c in Sources */,
				9C689FF7235008B000EBF82E /* pluginTextureCallback.c in Sources */,
				9C68A009235008B000EBF82E /* engineLayoutViewGearInteract.c in Sources */,
				9C68A056235008BC00EBF82E /* pageTest2PartsPopupActiveDisplay.c in Sources */,
				9C68A01B235008B000EBF82E /* engineGraphicMain.c in Sources */,
				9C689FE6235008B000EBF82E /* iosPluginData.m in Sources */,
				9C689FF2235008B000EBF82E /* iosPluginUtil.m in Sources */,
			);
			runOnlyForDeploymentPostprocessing = 0;
		};
/* End PBXSourcesBuildPhase section */

/* Begin PBXVariantGroup section */
		9C8D02401C99CCEB00F2CFFB /* Main.storyboard */ = {
			isa = PBXVariantGroup;
			children = (
				9C8D02411C99CCEB00F2CFFB /* Base */,
			);
			name = Main.storyboard;
			sourceTree = "<group>";
		};
		9C8D02451C99CCEB00F2CFFB /* LaunchScreen.storyboard */ = {
			isa = PBXVariantGroup;
			children = (
				9C8D02461C99CCEB00F2CFFB /* Base */,
			);
			name = LaunchScreen.storyboard;
			sourceTree = "<group>";
		};
/* End PBXVariantGroup section */

/* Begin XCBuildConfiguration section */
		9C8D02491C99CCEB00F2CFFB /* Debug */ = {
			isa = XCBuildConfiguration;
			buildSettings = {
				ALWAYS_SEARCH_USER_PATHS = NO;
				CLANG_CXX_LANGUAGE_STANDARD = "gnu++0x";
				CLANG_CXX_LIBRARY = "libc++";
				CLANG_ENABLE_MODULES = YES;
				CLANG_ENABLE_OBJC_ARC = YES;
				CLANG_WARN_BOOL_CONVERSION = YES;
				CLANG_WARN_CONSTANT_CONVERSION = YES;
				CLANG_WARN_DIRECT_OBJC_ISA_USAGE = YES_ERROR;
				CLANG_WARN_EMPTY_BODY = YES;
				CLANG_WARN_ENUM_CONVERSION = YES;
				CLANG_WARN_INFINITE_RECURSION = YES;
				CLANG_WARN_INT_CONVERSION = YES;
				CLANG_WARN_OBJC_ROOT_CLASS = YES_ERROR;
				CLANG_WARN_SUSPICIOUS_MOVE = YES;
				CLANG_WARN_UNREACHABLE_CODE = YES;
				CLANG_WARN__DUPLICATE_METHOD_MATCH = YES;
				"CODE_SIGN_IDENTITY[sdk=iphoneos*]" = "iPhone Developer";
				COPY_PHASE_STRIP = NO;
				DEBUG_INFORMATION_FORMAT = dwarf;
				ENABLE_STRICT_OBJC_MSGSEND = YES;
				ENABLE_TESTABILITY = YES;
				GCC_C_LANGUAGE_STANDARD = gnu99;
				GCC_DYNAMIC_NO_PIC = NO;
				GCC_NO_COMMON_BLOCKS = YES;
				GCC_OPTIMIZATION_LEVEL = 0;
				GCC_PREPROCESSOR_DEFINITIONS = (
					"DEBUG=1",
					"$(inherited)",
				);
				GCC_WARN_64_TO_32_BIT_CONVERSION = YES;
				GCC_WARN_ABOUT_RETURN_TYPE = YES_ERROR;
				GCC_WARN_UNDECLARED_SELECTOR = YES;
				GCC_WARN_UNINITIALIZED_AUTOS = YES_AGGRESSIVE;
				GCC_WARN_UNUSED_FUNCTION = YES;
				GCC_WARN_UNUSED_VARIABLE = YES;
				IPHONEOS_DEPLOYMENT_TARGET = 9.2;
				MTL_ENABLE_DEBUG_INFO = YES;
				ONLY_ACTIVE_ARCH = YES;
				SDKROOT = iphoneos;
				SWIFT_OBJC_BRIDGING_HEADER = "../../src_client/platform_ios/fuhaha-bridgingHeader.h";
				SWIFT_OPTIMIZATION_LEVEL = "-Onone";
				TARGETED_DEVICE_FAMILY = "1,2";
			};
			name = Debug;
		};
		9C8D024A1C99CCEB00F2CFFB /* Release */ = {
			isa = XCBuildConfiguration;
			buildSettings = {
				ALWAYS_SEARCH_USER_PATHS = NO;
				CLANG_CXX_LANGUAGE_STANDARD = "gnu++0x";
				CLANG_CXX_LIBRARY = "libc++";
				CLANG_ENABLE_MODULES = YES;
				CLANG_ENABLE_OBJC_ARC = YES;
				CLANG_WARN_BOOL_CONVERSION = YES;
				CLANG_WARN_CONSTANT_CONVERSION = YES;
				CLANG_WARN_DIRECT_OBJC_ISA_USAGE = YES_ERROR;
				CLANG_WARN_EMPTY_BODY = YES;
				CLANG_WARN_ENUM_CONVERSION = YES;
				CLANG_WARN_INFINITE_RECURSION = YES;
				CLANG_WARN_INT_CONVERSION = YES;
				CLANG_WARN_OBJC_ROOT_CLASS = YES_ERROR;
				CLANG_WARN_SUSPICIOUS_MOVE = YES;
				CLANG_WARN_UNREACHABLE_CODE = YES;
				CLANG_WARN__DUPLICATE_METHOD_MATCH = YES;
				"CODE_SIGN_IDENTITY[sdk=iphoneos*]" = "iPhone Developer";
				COPY_PHASE_STRIP = NO;
				DEBUG_INFORMATION_FORMAT = "dwarf-with-dsym";
				ENABLE_NS_ASSERTIONS = NO;
				ENABLE_STRICT_OBJC_MSGSEND = YES;
				GCC_C_LANGUAGE_STANDARD = gnu99;
				GCC_NO_COMMON_BLOCKS = YES;
				GCC_WARN_64_TO_32_BIT_CONVERSION = YES;
				GCC_WARN_ABOUT_RETURN_TYPE = YES_ERROR;
				GCC_WARN_UNDECLARED_SELECTOR = YES;
				GCC_WARN_UNINITIALIZED_AUTOS = YES_AGGRESSIVE;
				GCC_WARN_UNUSED_FUNCTION = YES;
				GCC_WARN_UNUSED_VARIABLE = YES;
				IPHONEOS_DEPLOYMENT_TARGET = 9.2;
				MTL_ENABLE_DEBUG_INFO = NO;
				SDKROOT = iphoneos;
				SWIFT_OBJC_BRIDGING_HEADER = "../../src_client/platform_ios/fuhaha-bridgingHeader.h";
				SWIFT_OPTIMIZATION_LEVEL = "-Owholemodule";
				TARGETED_DEVICE_FAMILY = "1,2";
				VALIDATE_PRODUCT = YES;
			};
			name = Release;
		};
		9C8D024C1C99CCEB00F2CFFB /* Debug */ = {
			isa = XCBuildConfiguration;
			buildSettings = {
				ASSETCATALOG_COMPILER_APPICON_NAME = AppIcon;
				INFOPLIST_FILE = fuhaha/Info.plist;
				LD_RUNPATH_SEARCH_PATHS = "$(inherited) @executable_path/Frameworks";
				PRODUCT_BUNDLE_IDENTIFIER = com.example.fuhaha;
				PRODUCT_NAME = "$(TARGET_NAME)";
				SWIFT_OBJC_BRIDGING_HEADER = ../fuhahaEngine/ios/fuhaha_engine_bridgingHeader.h;
				SWIFT_SWIFT3_OBJC_INFERENCE = On;
				SWIFT_VERSION = 4.0;
			};
			name = Debug;
		};
		9C8D024D1C99CCEB00F2CFFB /* Release */ = {
			isa = XCBuildConfiguration;
			buildSettings = {
				ASSETCATALOG_COMPILER_APPICON_NAME = AppIcon;
				INFOPLIST_FILE = fuhaha/Info.plist;
				LD_RUNPATH_SEARCH_PATHS = "$(inherited) @executable_path/Frameworks";
				PRODUCT_BUNDLE_IDENTIFIER = com.example.fuhaha;
				PRODUCT_NAME = "$(TARGET_NAME)";
				SWIFT_OBJC_BRIDGING_HEADER = ../fuhahaEngine/ios/fuhaha_engine_bridgingHeader.h;
				SWIFT_SWIFT3_OBJC_INFERENCE = On;
				SWIFT_VERSION = 4.0;
			};
			name = Release;
		};
/* End XCBuildConfiguration section */

/* Begin XCConfigurationList section */
		9C8D02341C99CCEB00F2CFFB /* Build configuration list for PBXProject "fuhaha" */ = {
			isa = XCConfigurationList;
			buildConfigurations = (
				9C8D02491C99CCEB00F2CFFB /* Debug */,
				9C8D024A1C99CCEB00F2CFFB /* Release */,
			);
			defaultConfigurationIsVisible = 0;
			defaultConfigurationName = Release;
		};
		9C8D024B1C99CCEB00F2CFFB /* Build configuration list for PBXNativeTarget "fuhaha" */ = {
			isa = XCConfigurationList;
			buildConfigurations = (
				9C8D024C1C99CCEB00F2CFFB /* Debug */,
				9C8D024D1C99CCEB00F2CFFB /* Release */,
			);
			defaultConfigurationIsVisible = 0;
			defaultConfigurationName = Release;
		};
/* End XCConfigurationList section */
	};
	rootObject = 9C8D02311C99CCEB00F2CFFB /* Project object */;
}
